
Microsoft Visual Studio Solution File, Format Version 12.00
# Visual Studio Version 16
VisualStudioVersion = 16.0.30011.22
MinimumVisualStudioVersion = 10.0.40219.1
Project("{9A19103F-16F7-4668-BE54-9A1E7A4F7556}") = "001_DriveInfo", "001_DriveInfo\001_DriveInfo.csproj", "{D2D3CE72-38BC-4A53-8387-8F6667F82DC1}"
EndProject
Project("{FAE04EC0-301F-11D3-BF4B-00C04F79EFBC}") = "002_File", "002_File\002_File.csproj", "{7C1E1FC0-6C34-4F29-B92F-8EC88A242789}"
EndProject
Project("{FAE04EC0-301F-11D3-BF4B-00C04F79EFBC}") = "003_File", "003_File\003_File.csproj", "{B8F120A2-2A13-40E0-BB9C-6DB2A0C48442}"
EndProject
Project("{FAE04EC0-301F-11D3-BF4B-00C04F79EFBC}") = "004_Md5", "004_Md5\004_Md5.csproj", "{7F0950C0-0F18-4CE4-B038-E264C01503E8}"
EndProject
Project("{FAE04EC0-301F-11D3-BF4B-00C04F79EFBC}") = "005_FileInfo", "005_FileInfo\005_FileInfo.csproj", "{8945C0C8-E3F8-4D8F-9435-9938D9C7AAB0}"
EndProject
Project("{FAE04EC0-301F-11D3-BF4B-00C04F79EFBC}") = "006_FileInfo", "006_FileInfo\006_FileInfo.csproj", "{AC975557-E0AB-4A1F-8A94-C8106CC1698B}"
EndProject
Project("{FAE04EC0-301F-11D3-BF4B-00C04F79EFBC}") = "007_FileInfo", "007_FileInfo\007_FileInfo.csproj", "{091E1859-39BF-4B37-AC3C-DF72AA871200}"
EndProject
Project("{FAE04EC0-301F-11D3-BF4B-00C04F79EFBC}") = "008_Path", "008_Path\008_Path.csproj", "{0AC5888B-A350-402B-BABE-711B068BC72F}"
EndProject
Project("{FAE04EC0-301F-11D3-BF4B-00C04F79EFBC}") = "009_Path", "009_Path\009_Path.csproj", "{122C15BC-B862-49B9-BEEA-313B79774D01}"
EndProject
Project("{FAE04EC0-301F-11D3-BF4B-00C04F79EFBC}") = "010_Path", "010_Path\010_Path.csproj", "{3649E124-5596-44EE-86B6-4047B7678D19}"
EndProject
Project("{FAE04EC0-301F-11D3-BF4B-00C04F79EFBC}") = "011_Path", "011_Path\011_Path.csproj", "{7A16A67F-D298-4784-9A1D-46FF09547767}"
EndProject
Project("{FAE04EC0-301F-11D3-BF4B-00C04F79EFBC}") = "012_Directory", "012_Directory\012_Directory.csproj", "{5B72728E-5B08-494B-94A4-0DD981D5FB94}"
EndProject
Project("{FAE04EC0-301F-11D3-BF4B-00C04F79EFBC}") = "013_Directory", "013_Directory\013_Directory.csproj", "{C5EA0784-3828-4C2E-B02C-842B4702C6B9}"
EndProject
Project("{FAE04EC0-301F-11D3-BF4B-00C04F79EFBC}") = "014_Directory", "014_Directory\014_Directory.csproj", "{B1C1BF18-F568-4D20-8121-3345287EB25B}"
EndProject
Project("{FAE04EC0-301F-11D3-BF4B-00C04F79EFBC}") = "015_Directory", "015_Directory\015_Directory.csproj", "{598CAC90-B219-4C39-B7C4-2625DDB88D99}"
EndProject
Project("{FAE04EC0-301F-11D3-BF4B-00C04F79EFBC}") = "016_Stream", "016_Stream\016_Stream.csproj", "{7FFD821D-4AEB-4E95-A0D8-9E252CFA93DF}"
EndProject
Project("{FAE04EC0-301F-11D3-BF4B-00C04F79EFBC}") = "017_Stream", "017_Stream\017_Stream.csproj", "{F7A752A5-C6A8-4890-9099-826366EF7FFF}"
EndProject
Project("{FAE04EC0-301F-11D3-BF4B-00C04F79EFBC}") = "018_StreamWriter", "018_StreamWrite\018_StreamWriter.csproj", "{562B183A-0553-44F9-A58E-7CE9200AEBD9}"
EndProject
Global
	GlobalSection(SolutionConfigurationPlatforms) = preSolution
		Debug|Any CPU = Debug|Any CPU
		Release|Any CPU = Release|Any CPU
	EndGlobalSection
	GlobalSection(ProjectConfigurationPlatforms) = postSolution
		{D2D3CE72-38BC-4A53-8387-8F6667F82DC1}.Debug|Any CPU.ActiveCfg = Debug|Any CPU
		{D2D3CE72-38BC-4A53-8387-8F6667F82DC1}.Debug|Any CPU.Build.0 = Debug|Any CPU
		{D2D3CE72-38BC-4A53-8387-8F6667F82DC1}.Release|Any CPU.ActiveCfg = Release|Any CPU
		{D2D3CE72-38BC-4A53-8387-8F6667F82DC1}.Release|Any CPU.Build.0 = Release|Any CPU
		{7C1E1FC0-6C34-4F29-B92F-8EC88A242789}.Debug|Any CPU.ActiveCfg = Debug|Any CPU
		{7C1E1FC0-6C34-4F29-B92F-8EC88A242789}.Debug|Any CPU.Build.0 = Debug|Any CPU
		{7C1E1FC0-6C34-4F29-B92F-8EC88A242789}.Release|Any CPU.ActiveCfg = Release|Any CPU
		{7C1E1FC0-6C34-4F29-B92F-8EC88A242789}.Release|Any CPU.Build.0 = Release|Any CPU
		{B8F120A2-2A13-40E0-BB9C-6DB2A0C48442}.Debug|Any CPU.ActiveCfg = Debug|Any CPU
		{B8F120A2-2A13-40E0-BB9C-6DB2A0C48442}.Debug|Any CPU.Build.0 = Debug|Any CPU
		{B8F120A2-2A13-40E0-BB9C-6DB2A0C48442}.Release|Any CPU.ActiveCfg = Release|Any CPU
		{B8F120A2-2A13-40E0-BB9C-6DB2A0C48442}.Release|Any CPU.Build.0 = Release|Any CPU
		{7F0950C0-0F18-4CE4-B038-E264C01503E8}.Debug|Any CPU.ActiveCfg = Debug|Any CPU
		{7F0950C0-0F18-4CE4-B038-E264C01503E8}.Debug|Any CPU.Build.0 = Debug|Any CPU
		{7F0950C0-0F18-4CE4-B038-E264C01503E8}.Release|Any CPU.ActiveCfg = Release|Any CPU
		{7F0950C0-0F18-4CE4-B038-E264C01503E8}.Release|Any CPU.Build.0 = Release|Any CPU
		{8945C0C8-E3F8-4D8F-9435-9938D9C7AAB0}.Debug|Any CPU.ActiveCfg = Debug|Any CPU
		{8945C0C8-E3F8-4D8F-9435-9938D9C7AAB0}.Debug|Any CPU.Build.0 = Debug|Any CPU
		{8945C0C8-E3F8-4D8F-9435-9938D9C7AAB0}.Release|Any CPU.ActiveCfg = Release|Any CPU
		{8945C0C8-E3F8-4D8F-9435-9938D9C7AAB0}.Release|Any CPU.Build.0 = Release|Any CPU
		{AC975557-E0AB-4A1F-8A94-C8106CC1698B}.Debug|Any CPU.ActiveCfg = Debug|Any CPU
		{AC975557-E0AB-4A1F-8A94-C8106CC1698B}.Debug|Any CPU.Build.0 = Debug|Any CPU
		{AC975557-E0AB-4A1F-8A94-C8106CC1698B}.Release|Any CPU.ActiveCfg = Release|Any CPU
		{AC975557-E0AB-4A1F-8A94-C8106CC1698B}.Release|Any CPU.Build.0 = Release|Any CPU
		{091E1859-39BF-4B37-AC3C-DF72AA871200}.Debug|Any CPU.ActiveCfg = Debug|Any CPU
		{091E1859-39BF-4B37-AC3C-DF72AA871200}.Debug|Any CPU.Build.0 = Debug|Any CPU
		{091E1859-39BF-4B37-AC3C-DF72AA871200}.Release|Any CPU.ActiveCfg = Release|Any CPU
		{091E1859-39BF-4B37-AC3C-DF72AA871200}.Release|Any CPU.Build.0 = Release|Any CPU
		{0AC5888B-A350-402B-BABE-711B068BC72F}.Debug|Any CPU.ActiveCfg = Debug|Any CPU
		{0AC5888B-A350-402B-BABE-711B068BC72F}.Debug|Any CPU.Build.0 = Debug|Any CPU
		{0AC5888B-A350-402B-BABE-711B068BC72F}.Release|Any CPU.ActiveCfg = Release|Any CPU
		{0AC5888B-A350-402B-BABE-711B068BC72F}.Release|Any CPU.Build.0 = Release|Any CPU
		{122C15BC-B862-49B9-BEEA-313B79774D01}.Debug|Any CPU.ActiveCfg = Debug|Any CPU
		{122C15BC-B862-49B9-BEEA-313B79774D01}.Debug|Any CPU.Build.0 = Debug|Any CPU
		{122C15BC-B862-49B9-BEEA-313B79774D01}.Release|Any CPU.ActiveCfg = Release|Any CPU
		{122C15BC-B862-49B9-BEEA-313B79774D01}.Release|Any CPU.Build.0 = Release|Any CPU
		{3649E124-5596-44EE-86B6-4047B7678D19}.Debug|Any CPU.ActiveCfg = Debug|Any CPU
		{3649E124-5596-44EE-86B6-4047B7678D19}.Debug|Any CPU.Build.0 = Debug|Any CPU
		{3649E124-5596-44EE-86B6-4047B7678D19}.Release|Any CPU.ActiveCfg = Release|Any CPU
		{3649E124-5596-44EE-86B6-4047B7678D19}.Release|Any CPU.Build.0 = Release|Any CPU
		{7A16A67F-D298-4784-9A1D-46FF09547767}.Debug|Any CPU.ActiveCfg = Debug|Any CPU
		{7A16A67F-D298-4784-9A1D-46FF09547767}.Debug|Any CPU.Build.0 = Debug|Any CPU
		{7A16A67F-D298-4784-9A1D-46FF09547767}.Release|Any CPU.ActiveCfg = Release|Any CPU
		{7A16A67F-D298-4784-9A1D-46FF09547767}.Release|Any CPU.Build.0 = Release|Any CPU
		{5B72728E-5B08-494B-94A4-0DD981D5FB94}.Debug|Any CPU.ActiveCfg = Debug|Any CPU
		{5B72728E-5B08-494B-94A4-0DD981D5FB94}.Debug|Any CPU.Build.0 = Debug|Any CPU
		{5B72728E-5B08-494B-94A4-0DD981D5FB94}.Release|Any CPU.ActiveCfg = Release|Any CPU
		{5B72728E-5B08-494B-94A4-0DD981D5FB94}.Release|Any CPU.Build.0 = Release|Any CPU
		{C5EA0784-3828-4C2E-B02C-842B4702C6B9}.Debug|Any CPU.ActiveCfg = Debug|Any CPU
		{C5EA0784-3828-4C2E-B02C-842B4702C6B9}.Debug|Any CPU.Build.0 = Debug|Any CPU
		{C5EA0784-3828-4C2E-B02C-842B4702C6B9}.Release|Any CPU.ActiveCfg = Release|Any CPU
		{C5EA0784-3828-4C2E-B02C-842B4702C6B9}.Release|Any CPU.Build.0 = Release|Any CPU
		{B1C1BF18-F568-4D20-8121-3345287EB25B}.Debug|Any CPU.ActiveCfg = Debug|Any CPU
		{B1C1BF18-F568-4D20-8121-3345287EB25B}.Debug|Any CPU.Build.0 = Debug|Any CPU
		{B1C1BF18-F568-4D20-8121-3345287EB25B}.Release|Any CPU.ActiveCfg = Release|Any CPU
		{B1C1BF18-F568-4D20-8121-3345287EB25B}.Release|Any CPU.Build.0 = Release|Any CPU
		{598CAC90-B219-4C39-B7C4-2625DDB88D99}.Debug|Any CPU.ActiveCfg = Debug|Any CPU
		{598CAC90-B219-4C39-B7C4-2625DDB88D99}.Debug|Any CPU.Build.0 = Debug|Any CPU
		{598CAC90-B219-4C39-B7C4-2625DDB88D99}.Release|Any CPU.ActiveCfg = Release|Any CPU
		{598CAC90-B219-4C39-B7C4-2625DDB88D99}.Release|Any CPU.Build.0 = Release|Any CPU
		{7FFD821D-4AEB-4E95-A0D8-9E252CFA93DF}.Debug|Any CPU.ActiveCfg = Debug|Any CPU
		{7FFD821D-4AEB-4E95-A0D8-9E252CFA93DF}.Debug|Any CPU.Build.0 = Debug|Any CPU
		{7FFD821D-4AEB-4E95-A0D8-9E252CFA93DF}.Release|Any CPU.ActiveCfg = Release|Any CPU
		{7FFD821D-4AEB-4E95-A0D8-9E252CFA93DF}.Release|Any CPU.Build.0 = Release|Any CPU
		{F7A752A5-C6A8-4890-9099-826366EF7FFF}.Debug|Any CPU.ActiveCfg = Debug|Any CPU
		{F7A752A5-C6A8-4890-9099-826366EF7FFF}.Debug|Any CPU.Build.0 = Debug|Any CPU
		{F7A752A5-C6A8-4890-9099-826366EF7FFF}.Release|Any CPU.ActiveCfg = Release|Any CPU
		{F7A752A5-C6A8-4890-9099-826366EF7FFF}.Release|Any CPU.Build.0 = Release|Any CPU
		{562B183A-0553-44F9-A58E-7CE9200AEBD9}.Debug|Any CPU.ActiveCfg = Debug|Any CPU
		{562B183A-0553-44F9-A58E-7CE9200AEBD9}.Debug|Any CPU.Build.0 = Debug|Any CPU
		{562B183A-0553-44F9-A58E-7CE9200AEBD9}.Release|Any CPU.ActiveCfg = Release|Any CPU
		{562B183A-0553-44F9-A58E-7CE9200AEBD9}.Release|Any CPU.Build.0 = Release|Any CPU
	EndGlobalSection
	GlobalSection(SolutionProperties) = preSolution
		HideSolutionNode = FALSE
	EndGlobalSection
	GlobalSection(ExtensibilityGlobals) = postSolution
		SolutionGuid = {17FA18E9-90BA-4A1E-B2A4-387A1B6DD959}
	EndGlobalSection
EndGlobal
