
Microsoft Visual Studio Solution File, Format Version 12.00
# Visual Studio Version 17
VisualStudioVersion = 17.0.32112.339
MinimumVisualStudioVersion = 10.0.40219.1
Project("{9A19103F-16F7-4668-BE54-9A1E7A4F7556}") = "001_DriveInfo", "001_DriveInfo\001_DriveInfo.csproj", "{D2D3CE72-38BC-4A53-8387-8F6667F82DC1}"
EndProject
Project("{9A19103F-16F7-4668-BE54-9A1E7A4F7556}") = "002_File", "002_File\002_File.csproj", "{7C1E1FC0-6C34-4F29-B92F-8EC88A242789}"
EndProject
Project("{9A19103F-16F7-4668-BE54-9A1E7A4F7556}") = "003_File", "003_File\003_File.csproj", "{B8F120A2-2A13-40E0-BB9C-6DB2A0C48442}"
EndProject
Project("{9A19103F-16F7-4668-BE54-9A1E7A4F7556}") = "004_Md5", "004_Md5\004_Md5.csproj", "{7F0950C0-0F18-4CE4-B038-E264C01503E8}"
EndProject
Project("{9A19103F-16F7-4668-BE54-9A1E7A4F7556}") = "005_FileInfo", "005_FileInfo\005_FileInfo.csproj", "{8945C0C8-E3F8-4D8F-9435-9938D9C7AAB0}"
EndProject
Project("{9A19103F-16F7-4668-BE54-9A1E7A4F7556}") = "006_FileInfo", "006_FileInfo\006_FileInfo.csproj", "{AC975557-E0AB-4A1F-8A94-C8106CC1698B}"
EndProject
Project("{9A19103F-16F7-4668-BE54-9A1E7A4F7556}") = "007_FileInfo", "007_FileInfo\007_FileInfo.csproj", "{091E1859-39BF-4B37-AC3C-DF72AA871200}"
EndProject
Project("{9A19103F-16F7-4668-BE54-9A1E7A4F7556}") = "008_Path", "008_Path\008_Path.csproj", "{0AC5888B-A350-402B-BABE-711B068BC72F}"
EndProject
Project("{9A19103F-16F7-4668-BE54-9A1E7A4F7556}") = "009_Path", "009_Path\009_Path.csproj", "{122C15BC-B862-49B9-BEEA-313B79774D01}"
EndProject
Project("{9A19103F-16F7-4668-BE54-9A1E7A4F7556}") = "010_Path", "010_Path\010_Path.csproj", "{3649E124-5596-44EE-86B6-4047B7678D19}"
EndProject
Project("{9A19103F-16F7-4668-BE54-9A1E7A4F7556}") = "011_Path", "011_Path\011_Path.csproj", "{7A16A67F-D298-4784-9A1D-46FF09547767}"
EndProject
Project("{9A19103F-16F7-4668-BE54-9A1E7A4F7556}") = "012_Directory", "012_Directory\012_Directory.csproj", "{5B72728E-5B08-494B-94A4-0DD981D5FB94}"
EndProject
Project("{9A19103F-16F7-4668-BE54-9A1E7A4F7556}") = "013_Directory", "013_Directory\013_Directory.csproj", "{C5EA0784-3828-4C2E-B02C-842B4702C6B9}"
EndProject
Project("{9A19103F-16F7-4668-BE54-9A1E7A4F7556}") = "014_Directory", "014_Directory\014_Directory.csproj", "{B1C1BF18-F568-4D20-8121-3345287EB25B}"
EndProject
Project("{9A19103F-16F7-4668-BE54-9A1E7A4F7556}") = "015_Directory", "015_Directory\015_Directory.csproj", "{598CAC90-B219-4C39-B7C4-2625DDB88D99}"
EndProject
Project("{9A19103F-16F7-4668-BE54-9A1E7A4F7556}") = "016_Stream", "016_Stream\016_Stream.csproj", "{7FFD821D-4AEB-4E95-A0D8-9E252CFA93DF}"
EndProject
Project("{9A19103F-16F7-4668-BE54-9A1E7A4F7556}") = "017_Stream", "017_Stream\017_Stream.csproj", "{F7A752A5-C6A8-4890-9099-826366EF7FFF}"
EndProject
Project("{9A19103F-16F7-4668-BE54-9A1E7A4F7556}") = "018_StreamWriter", "018_StreamWrite\018_StreamWriter.csproj", "{562B183A-0553-44F9-A58E-7CE9200AEBD9}"
EndProject
Project("{9A19103F-16F7-4668-BE54-9A1E7A4F7556}") = "019_Serialize", "019_Serialize\019_Serialize.csproj", "{CF950D80-673E-41E1-BEF5-4BEBF3662719}"
EndProject
Project("{9A19103F-16F7-4668-BE54-9A1E7A4F7556}") = "LibExample", "LibExample\LibExample.csproj", "{4B790F33-E703-4D11-A69B-6A6E9793F724}"
EndProject
Project("{9A19103F-16F7-4668-BE54-9A1E7A4F7556}") = "020_Serialize", "020_Serialize\020_Serialize.csproj", "{6810296E-B86F-4663-A5F0-12D2BED469CC}"
EndProject
Project("{9A19103F-16F7-4668-BE54-9A1E7A4F7556}") = "021_Serialize", "021_Serialize\021_Serialize.csproj", "{7FB5503E-7A90-41D2-84C6-5C96F72482C9}"
EndProject
Project("{9A19103F-16F7-4668-BE54-9A1E7A4F7556}") = "022_Registry", "022_Registry\022_Registry.csproj", "{41AB1CE4-62C6-445B-B42A-26FD300BFBEF}"
EndProject
Project("{9A19103F-16F7-4668-BE54-9A1E7A4F7556}") = "023_Registry", "23_Registry\023_Registry.csproj", "{AC7D7F87-AEAB-4CB3-969F-19C25FC61AA7}"
EndProject
Project("{FAE04EC0-301F-11D3-BF4B-00C04F79EFBC}") = "024_Processes", "024_Processes\024_Processes.csproj", "{461E2A54-F07A-4DD6-A477-EE9A361577A2}"
EndProject
Project("{FAE04EC0-301F-11D3-BF4B-00C04F79EFBC}") = "025_Processes", "025_Processes\025_Processes.csproj", "{4A326FA6-9871-4052-897D-4BDF2D3D7E4C}"
EndProject
Global
	GlobalSection(SolutionConfigurationPlatforms) = preSolution
		Debug|Any CPU = Debug|Any CPU
		Release|Any CPU = Release|Any CPU
	EndGlobalSection
	GlobalSection(ProjectConfigurationPlatforms) = postSolution
		{D2D3CE72-38BC-4A53-8387-8F6667F82DC1}.Debug|Any CPU.ActiveCfg = Debug|Any CPU
		{D2D3CE72-38BC-4A53-8387-8F6667F82DC1}.Debug|Any CPU.Build.0 = Debug|Any CPU
		{D2D3CE72-38BC-4A53-8387-8F6667F82DC1}.Release|Any CPU.ActiveCfg = Release|Any CPU
		{D2D3CE72-38BC-4A53-8387-8F6667F82DC1}.Release|Any CPU.Build.0 = Release|Any CPU
		{7C1E1FC0-6C34-4F29-B92F-8EC88A242789}.Debug|Any CPU.ActiveCfg = Debug|Any CPU
		{7C1E1FC0-6C34-4F29-B92F-8EC88A242789}.Debug|Any CPU.Build.0 = Debug|Any CPU
		{7C1E1FC0-6C34-4F29-B92F-8EC88A242789}.Release|Any CPU.ActiveCfg = Release|Any CPU
		{7C1E1FC0-6C34-4F29-B92F-8EC88A242789}.Release|Any CPU.Build.0 = Release|Any CPU
		{B8F120A2-2A13-40E0-BB9C-6DB2A0C48442}.Debug|Any CPU.ActiveCfg = Debug|Any CPU
		{B8F120A2-2A13-40E0-BB9C-6DB2A0C48442}.Debug|Any CPU.Build.0 = Debug|Any CPU
		{B8F120A2-2A13-40E0-BB9C-6DB2A0C48442}.Release|Any CPU.ActiveCfg = Release|Any CPU
		{B8F120A2-2A13-40E0-BB9C-6DB2A0C48442}.Release|Any CPU.Build.0 = Release|Any CPU
		{7F0950C0-0F18-4CE4-B038-E264C01503E8}.Debug|Any CPU.ActiveCfg = Debug|Any CPU
		{7F0950C0-0F18-4CE4-B038-E264C01503E8}.Debug|Any CPU.Build.0 = Debug|Any CPU
		{7F0950C0-0F18-4CE4-B038-E264C01503E8}.Release|Any CPU.ActiveCfg = Release|Any CPU
		{7F0950C0-0F18-4CE4-B038-E264C01503E8}.Release|Any CPU.Build.0 = Release|Any CPU
		{8945C0C8-E3F8-4D8F-9435-9938D9C7AAB0}.Debug|Any CPU.ActiveCfg = Debug|Any CPU
		{8945C0C8-E3F8-4D8F-9435-9938D9C7AAB0}.Debug|Any CPU.Build.0 = Debug|Any CPU
		{8945C0C8-E3F8-4D8F-9435-9938D9C7AAB0}.Release|Any CPU.ActiveCfg = Release|Any CPU
		{8945C0C8-E3F8-4D8F-9435-9938D9C7AAB0}.Release|Any CPU.Build.0 = Release|Any CPU
		{AC975557-E0AB-4A1F-8A94-C8106CC1698B}.Debug|Any CPU.ActiveCfg = Debug|Any CPU
		{AC975557-E0AB-4A1F-8A94-C8106CC1698B}.Debug|Any CPU.Build.0 = Debug|Any CPU
		{AC975557-E0AB-4A1F-8A94-C8106CC1698B}.Release|Any CPU.ActiveCfg = Release|Any CPU
		{AC975557-E0AB-4A1F-8A94-C8106CC1698B}.Release|Any CPU.Build.0 = Release|Any CPU
		{091E1859-39BF-4B37-AC3C-DF72AA871200}.Debug|Any CPU.ActiveCfg = Debug|Any CPU
		{091E1859-39BF-4B37-AC3C-DF72AA871200}.Debug|Any CPU.Build.0 = Debug|Any CPU
		{091E1859-39BF-4B37-AC3C-DF72AA871200}.Release|Any CPU.ActiveCfg = Release|Any CPU
		{091E1859-39BF-4B37-AC3C-DF72AA871200}.Release|Any CPU.Build.0 = Release|Any CPU
		{0AC5888B-A350-402B-BABE-711B068BC72F}.Debug|Any CPU.ActiveCfg = Debug|Any CPU
		{0AC5888B-A350-402B-BABE-711B068BC72F}.Debug|Any CPU.Build.0 = Debug|Any CPU
		{0AC5888B-A350-402B-BABE-711B068BC72F}.Release|Any CPU.ActiveCfg = Release|Any CPU
		{0AC5888B-A350-402B-BABE-711B068BC72F}.Release|Any CPU.Build.0 = Release|Any CPU
		{122C15BC-B862-49B9-BEEA-313B79774D01}.Debug|Any CPU.ActiveCfg = Debug|Any CPU
		{122C15BC-B862-49B9-BEEA-313B79774D01}.Debug|Any CPU.Build.0 = Debug|Any CPU
		{122C15BC-B862-49B9-BEEA-313B79774D01}.Release|Any CPU.ActiveCfg = Release|Any CPU
		{122C15BC-B862-49B9-BEEA-313B79774D01}.Release|Any CPU.Build.0 = Release|Any CPU
		{3649E124-5596-44EE-86B6-4047B7678D19}.Debug|Any CPU.ActiveCfg = Debug|Any CPU
		{3649E124-5596-44EE-86B6-4047B7678D19}.Debug|Any CPU.Build.0 = Debug|Any CPU
		{3649E124-5596-44EE-86B6-4047B7678D19}.Release|Any CPU.ActiveCfg = Release|Any CPU
		{3649E124-5596-44EE-86B6-4047B7678D19}.Release|Any CPU.Build.0 = Release|Any CPU
		{7A16A67F-D298-4784-9A1D-46FF09547767}.Debug|Any CPU.ActiveCfg = Debug|Any CPU
		{7A16A67F-D298-4784-9A1D-46FF09547767}.Debug|Any CPU.Build.0 = Debug|Any CPU
		{7A16A67F-D298-4784-9A1D-46FF09547767}.Release|Any CPU.ActiveCfg = Release|Any CPU
		{7A16A67F-D298-4784-9A1D-46FF09547767}.Release|Any CPU.Build.0 = Release|Any CPU
		{5B72728E-5B08-494B-94A4-0DD981D5FB94}.Debug|Any CPU.ActiveCfg = Debug|Any CPU
		{5B72728E-5B08-494B-94A4-0DD981D5FB94}.Debug|Any CPU.Build.0 = Debug|Any CPU
		{5B72728E-5B08-494B-94A4-0DD981D5FB94}.Release|Any CPU.ActiveCfg = Release|Any CPU
		{5B72728E-5B08-494B-94A4-0DD981D5FB94}.Release|Any CPU.Build.0 = Release|Any CPU
		{C5EA0784-3828-4C2E-B02C-842B4702C6B9}.Debug|Any CPU.ActiveCfg = Debug|Any CPU
		{C5EA0784-3828-4C2E-B02C-842B4702C6B9}.Debug|Any CPU.Build.0 = Debug|Any CPU
		{C5EA0784-3828-4C2E-B02C-842B4702C6B9}.Release|Any CPU.ActiveCfg = Release|Any CPU
		{C5EA0784-3828-4C2E-B02C-842B4702C6B9}.Release|Any CPU.Build.0 = Release|Any CPU
		{B1C1BF18-F568-4D20-8121-3345287EB25B}.Debug|Any CPU.ActiveCfg = Debug|Any CPU
		{B1C1BF18-F568-4D20-8121-3345287EB25B}.Debug|Any CPU.Build.0 = Debug|Any CPU
		{B1C1BF18-F568-4D20-8121-3345287EB25B}.Release|Any CPU.ActiveCfg = Release|Any CPU
		{B1C1BF18-F568-4D20-8121-3345287EB25B}.Release|Any CPU.Build.0 = Release|Any CPU
		{598CAC90-B219-4C39-B7C4-2625DDB88D99}.Debug|Any CPU.ActiveCfg = Debug|Any CPU
		{598CAC90-B219-4C39-B7C4-2625DDB88D99}.Debug|Any CPU.Build.0 = Debug|Any CPU
		{598CAC90-B219-4C39-B7C4-2625DDB88D99}.Release|Any CPU.ActiveCfg = Release|Any CPU
		{598CAC90-B219-4C39-B7C4-2625DDB88D99}.Release|Any CPU.Build.0 = Release|Any CPU
		{7FFD821D-4AEB-4E95-A0D8-9E252CFA93DF}.Debug|Any CPU.ActiveCfg = Debug|Any CPU
		{7FFD821D-4AEB-4E95-A0D8-9E252CFA93DF}.Debug|Any CPU.Build.0 = Debug|Any CPU
		{7FFD821D-4AEB-4E95-A0D8-9E252CFA93DF}.Release|Any CPU.ActiveCfg = Release|Any CPU
		{7FFD821D-4AEB-4E95-A0D8-9E252CFA93DF}.Release|Any CPU.Build.0 = Release|Any CPU
		{F7A752A5-C6A8-4890-9099-826366EF7FFF}.Debug|Any CPU.ActiveCfg = Debug|Any CPU
		{F7A752A5-C6A8-4890-9099-826366EF7FFF}.Debug|Any CPU.Build.0 = Debug|Any CPU
		{F7A752A5-C6A8-4890-9099-826366EF7FFF}.Release|Any CPU.ActiveCfg = Release|Any CPU
		{F7A752A5-C6A8-4890-9099-826366EF7FFF}.Release|Any CPU.Build.0 = Release|Any CPU
		{562B183A-0553-44F9-A58E-7CE9200AEBD9}.Debug|Any CPU.ActiveCfg = Debug|Any CPU
		{562B183A-0553-44F9-A58E-7CE9200AEBD9}.Debug|Any CPU.Build.0 = Debug|Any CPU
		{562B183A-0553-44F9-A58E-7CE9200AEBD9}.Release|Any CPU.ActiveCfg = Release|Any CPU
		{562B183A-0553-44F9-A58E-7CE9200AEBD9}.Release|Any CPU.Build.0 = Release|Any CPU
		{CF950D80-673E-41E1-BEF5-4BEBF3662719}.Debug|Any CPU.ActiveCfg = Debug|Any CPU
		{CF950D80-673E-41E1-BEF5-4BEBF3662719}.Debug|Any CPU.Build.0 = Debug|Any CPU
		{CF950D80-673E-41E1-BEF5-4BEBF3662719}.Release|Any CPU.ActiveCfg = Release|Any CPU
		{CF950D80-673E-41E1-BEF5-4BEBF3662719}.Release|Any CPU.Build.0 = Release|Any CPU
		{4B790F33-E703-4D11-A69B-6A6E9793F724}.Debug|Any CPU.ActiveCfg = Debug|Any CPU
		{4B790F33-E703-4D11-A69B-6A6E9793F724}.Debug|Any CPU.Build.0 = Debug|Any CPU
		{4B790F33-E703-4D11-A69B-6A6E9793F724}.Release|Any CPU.ActiveCfg = Release|Any CPU
		{4B790F33-E703-4D11-A69B-6A6E9793F724}.Release|Any CPU.Build.0 = Release|Any CPU
		{6810296E-B86F-4663-A5F0-12D2BED469CC}.Debug|Any CPU.ActiveCfg = Debug|Any CPU
		{6810296E-B86F-4663-A5F0-12D2BED469CC}.Debug|Any CPU.Build.0 = Debug|Any CPU
		{6810296E-B86F-4663-A5F0-12D2BED469CC}.Release|Any CPU.ActiveCfg = Release|Any CPU
		{6810296E-B86F-4663-A5F0-12D2BED469CC}.Release|Any CPU.Build.0 = Release|Any CPU
		{7FB5503E-7A90-41D2-84C6-5C96F72482C9}.Debug|Any CPU.ActiveCfg = Debug|Any CPU
		{7FB5503E-7A90-41D2-84C6-5C96F72482C9}.Debug|Any CPU.Build.0 = Debug|Any CPU
		{7FB5503E-7A90-41D2-84C6-5C96F72482C9}.Release|Any CPU.ActiveCfg = Release|Any CPU
		{7FB5503E-7A90-41D2-84C6-5C96F72482C9}.Release|Any CPU.Build.0 = Release|Any CPU
		{41AB1CE4-62C6-445B-B42A-26FD300BFBEF}.Debug|Any CPU.ActiveCfg = Debug|Any CPU
		{41AB1CE4-62C6-445B-B42A-26FD300BFBEF}.Debug|Any CPU.Build.0 = Debug|Any CPU
		{41AB1CE4-62C6-445B-B42A-26FD300BFBEF}.Release|Any CPU.ActiveCfg = Release|Any CPU
		{41AB1CE4-62C6-445B-B42A-26FD300BFBEF}.Release|Any CPU.Build.0 = Release|Any CPU
		{AC7D7F87-AEAB-4CB3-969F-19C25FC61AA7}.Debug|Any CPU.ActiveCfg = Debug|Any CPU
		{AC7D7F87-AEAB-4CB3-969F-19C25FC61AA7}.Debug|Any CPU.Build.0 = Debug|Any CPU
		{AC7D7F87-AEAB-4CB3-969F-19C25FC61AA7}.Release|Any CPU.ActiveCfg = Release|Any CPU
		{AC7D7F87-AEAB-4CB3-969F-19C25FC61AA7}.Release|Any CPU.Build.0 = Release|Any CPU
		{461E2A54-F07A-4DD6-A477-EE9A361577A2}.Debug|Any CPU.ActiveCfg = Debug|Any CPU
		{461E2A54-F07A-4DD6-A477-EE9A361577A2}.Debug|Any CPU.Build.0 = Debug|Any CPU
		{461E2A54-F07A-4DD6-A477-EE9A361577A2}.Release|Any CPU.ActiveCfg = Release|Any CPU
		{461E2A54-F07A-4DD6-A477-EE9A361577A2}.Release|Any CPU.Build.0 = Release|Any CPU
		{4A326FA6-9871-4052-897D-4BDF2D3D7E4C}.Debug|Any CPU.ActiveCfg = Debug|Any CPU
		{4A326FA6-9871-4052-897D-4BDF2D3D7E4C}.Debug|Any CPU.Build.0 = Debug|Any CPU
		{4A326FA6-9871-4052-897D-4BDF2D3D7E4C}.Release|Any CPU.ActiveCfg = Release|Any CPU
		{4A326FA6-9871-4052-897D-4BDF2D3D7E4C}.Release|Any CPU.Build.0 = Release|Any CPU
	EndGlobalSection
	GlobalSection(SolutionProperties) = preSolution
		HideSolutionNode = FALSE
	EndGlobalSection
	GlobalSection(ExtensibilityGlobals) = postSolution
		SolutionGuid = {17FA18E9-90BA-4A1E-B2A4-387A1B6DD959}
	EndGlobalSection
EndGlobal
