
Microsoft Visual Studio Solution File, Format Version 12.00
# Visual Studio Version 16
VisualStudioVersion = 16.0.31005.135
MinimumVisualStudioVersion = 10.0.40219.1
Project("{9A19103F-16F7-4668-BE54-9A1E7A4F7556}") = "001_Delegate", "001_Delegate\001_Delegate.csproj", "{F5FC835A-E6B5-49F7-81FE-0CBF58DC6398}"
EndProject
Project("{9A19103F-16F7-4668-BE54-9A1E7A4F7556}") = "002_Delegate", "002_Delegate\002_Delegate.csproj", "{AACEBFF4-052B-4DBA-A50C-1181B465FC83}"
EndProject
Project("{9A19103F-16F7-4668-BE54-9A1E7A4F7556}") = "003_Delegate", "003_Delegate\003_Delegate.csproj", "{882C7A52-6547-4B5B-9294-8DA09E7D3AE4}"
EndProject
Project("{9A19103F-16F7-4668-BE54-9A1E7A4F7556}") = "005_Delegate", "005_Delegate\005_Delegate.csproj", "{6898D524-FC39-4F24-9F78-82E9701D4ADB}"
EndProject
Project("{9A19103F-16F7-4668-BE54-9A1E7A4F7556}") = "006_Delegate", "006_Delegate\006_Delegate.csproj", "{166D208A-9F03-4F84-96A2-C62057F68A5C}"
EndProject
Project("{9A19103F-16F7-4668-BE54-9A1E7A4F7556}") = "007_Delegate", "007_Delegate\007_Delegate.csproj", "{4A6FC324-9C5F-4194-9502-D91B09392619}"
EndProject
Project("{9A19103F-16F7-4668-BE54-9A1E7A4F7556}") = "008_Delegate", "008_Delegate\008_Delegate.csproj", "{FF417953-F35D-48FC-ABEC-C6FE134E1BBA}"
EndProject
Project("{9A19103F-16F7-4668-BE54-9A1E7A4F7556}") = "009_Delegate", "009_Delegate\009_Delegate.csproj", "{74A0B303-CA8D-4FED-A505-BEDB2B7FCC24}"
EndProject
Project("{9A19103F-16F7-4668-BE54-9A1E7A4F7556}") = "010_Event", "010_Event\010_Event.csproj", "{EABB6BC3-0839-42E4-8C01-1F066FF05478}"
EndProject
Project("{9A19103F-16F7-4668-BE54-9A1E7A4F7556}") = "011_Event", "011_Event\011_Event.csproj", "{31BC6A5A-C989-4908-93C5-BB0544AD8B4D}"
EndProject
Project("{9A19103F-16F7-4668-BE54-9A1E7A4F7556}") = "LibExample", "LibExample\LibExample.csproj", "{DC9087FD-BF7B-49AF-925F-856BF24CB510}"
EndProject
Project("{9A19103F-16F7-4668-BE54-9A1E7A4F7556}") = "004_Delegate", "004_Delegate\004_Delegate.csproj", "{82337AEC-4412-4F55-A9E5-F6845914A268}"
EndProject
Project("{9A19103F-16F7-4668-BE54-9A1E7A4F7556}") = "012_Event", "012_Event\012_Event.csproj", "{F8AC4E00-FB8A-41F0-82BB-6593B27329AE}"
EndProject
Project("{FAE04EC0-301F-11D3-BF4B-00C04F79EFBC}") = "013_Action", "013_Action\013_Action.csproj", "{6FF22A92-3123-4B1E-9C6A-61DE35A6BDC5}"
EndProject
Project("{FAE04EC0-301F-11D3-BF4B-00C04F79EFBC}") = "014_Action", "014_Action\014_Action.csproj", "{93EA6532-74D6-4F1B-9802-79142FA4D1E0}"
EndProject
Project("{FAE04EC0-301F-11D3-BF4B-00C04F79EFBC}") = "015_Func", "015_Func\015_Func.csproj", "{404BEF22-B49A-42F1-BD82-AB4C66E721FF}"
EndProject
Project("{FAE04EC0-301F-11D3-BF4B-00C04F79EFBC}") = "016_Func", "016_Func\016_Func.csproj", "{6DF3DBDF-7524-420F-B859-6618B74FBE21}"
EndProject
Global
	GlobalSection(SolutionConfigurationPlatforms) = preSolution
		Debug|Any CPU = Debug|Any CPU
		Release|Any CPU = Release|Any CPU
	EndGlobalSection
	GlobalSection(ProjectConfigurationPlatforms) = postSolution
		{F5FC835A-E6B5-49F7-81FE-0CBF58DC6398}.Debug|Any CPU.ActiveCfg = Debug|Any CPU
		{F5FC835A-E6B5-49F7-81FE-0CBF58DC6398}.Debug|Any CPU.Build.0 = Debug|Any CPU
		{F5FC835A-E6B5-49F7-81FE-0CBF58DC6398}.Release|Any CPU.ActiveCfg = Release|Any CPU
		{F5FC835A-E6B5-49F7-81FE-0CBF58DC6398}.Release|Any CPU.Build.0 = Release|Any CPU
		{AACEBFF4-052B-4DBA-A50C-1181B465FC83}.Debug|Any CPU.ActiveCfg = Debug|Any CPU
		{AACEBFF4-052B-4DBA-A50C-1181B465FC83}.Debug|Any CPU.Build.0 = Debug|Any CPU
		{AACEBFF4-052B-4DBA-A50C-1181B465FC83}.Release|Any CPU.ActiveCfg = Release|Any CPU
		{AACEBFF4-052B-4DBA-A50C-1181B465FC83}.Release|Any CPU.Build.0 = Release|Any CPU
		{882C7A52-6547-4B5B-9294-8DA09E7D3AE4}.Debug|Any CPU.ActiveCfg = Debug|Any CPU
		{882C7A52-6547-4B5B-9294-8DA09E7D3AE4}.Debug|Any CPU.Build.0 = Debug|Any CPU
		{882C7A52-6547-4B5B-9294-8DA09E7D3AE4}.Release|Any CPU.ActiveCfg = Release|Any CPU
		{882C7A52-6547-4B5B-9294-8DA09E7D3AE4}.Release|Any CPU.Build.0 = Release|Any CPU
		{6898D524-FC39-4F24-9F78-82E9701D4ADB}.Debug|Any CPU.ActiveCfg = Debug|Any CPU
		{6898D524-FC39-4F24-9F78-82E9701D4ADB}.Debug|Any CPU.Build.0 = Debug|Any CPU
		{6898D524-FC39-4F24-9F78-82E9701D4ADB}.Release|Any CPU.ActiveCfg = Release|Any CPU
		{6898D524-FC39-4F24-9F78-82E9701D4ADB}.Release|Any CPU.Build.0 = Release|Any CPU
		{166D208A-9F03-4F84-96A2-C62057F68A5C}.Debug|Any CPU.ActiveCfg = Debug|Any CPU
		{166D208A-9F03-4F84-96A2-C62057F68A5C}.Debug|Any CPU.Build.0 = Debug|Any CPU
		{166D208A-9F03-4F84-96A2-C62057F68A5C}.Release|Any CPU.ActiveCfg = Release|Any CPU
		{166D208A-9F03-4F84-96A2-C62057F68A5C}.Release|Any CPU.Build.0 = Release|Any CPU
		{4A6FC324-9C5F-4194-9502-D91B09392619}.Debug|Any CPU.ActiveCfg = Debug|Any CPU
		{4A6FC324-9C5F-4194-9502-D91B09392619}.Debug|Any CPU.Build.0 = Debug|Any CPU
		{4A6FC324-9C5F-4194-9502-D91B09392619}.Release|Any CPU.ActiveCfg = Release|Any CPU
		{4A6FC324-9C5F-4194-9502-D91B09392619}.Release|Any CPU.Build.0 = Release|Any CPU
		{FF417953-F35D-48FC-ABEC-C6FE134E1BBA}.Debug|Any CPU.ActiveCfg = Debug|Any CPU
		{FF417953-F35D-48FC-ABEC-C6FE134E1BBA}.Debug|Any CPU.Build.0 = Debug|Any CPU
		{FF417953-F35D-48FC-ABEC-C6FE134E1BBA}.Release|Any CPU.ActiveCfg = Release|Any CPU
		{FF417953-F35D-48FC-ABEC-C6FE134E1BBA}.Release|Any CPU.Build.0 = Release|Any CPU
		{74A0B303-CA8D-4FED-A505-BEDB2B7FCC24}.Debug|Any CPU.ActiveCfg = Debug|Any CPU
		{74A0B303-CA8D-4FED-A505-BEDB2B7FCC24}.Debug|Any CPU.Build.0 = Debug|Any CPU
		{74A0B303-CA8D-4FED-A505-BEDB2B7FCC24}.Release|Any CPU.ActiveCfg = Release|Any CPU
		{74A0B303-CA8D-4FED-A505-BEDB2B7FCC24}.Release|Any CPU.Build.0 = Release|Any CPU
		{EABB6BC3-0839-42E4-8C01-1F066FF05478}.Debug|Any CPU.ActiveCfg = Debug|Any CPU
		{EABB6BC3-0839-42E4-8C01-1F066FF05478}.Debug|Any CPU.Build.0 = Debug|Any CPU
		{EABB6BC3-0839-42E4-8C01-1F066FF05478}.Release|Any CPU.ActiveCfg = Release|Any CPU
		{EABB6BC3-0839-42E4-8C01-1F066FF05478}.Release|Any CPU.Build.0 = Release|Any CPU
		{31BC6A5A-C989-4908-93C5-BB0544AD8B4D}.Debug|Any CPU.ActiveCfg = Debug|Any CPU
		{31BC6A5A-C989-4908-93C5-BB0544AD8B4D}.Debug|Any CPU.Build.0 = Debug|Any CPU
		{31BC6A5A-C989-4908-93C5-BB0544AD8B4D}.Release|Any CPU.ActiveCfg = Release|Any CPU
		{31BC6A5A-C989-4908-93C5-BB0544AD8B4D}.Release|Any CPU.Build.0 = Release|Any CPU
		{DC9087FD-BF7B-49AF-925F-856BF24CB510}.Debug|Any CPU.ActiveCfg = Debug|Any CPU
		{DC9087FD-BF7B-49AF-925F-856BF24CB510}.Debug|Any CPU.Build.0 = Debug|Any CPU
		{DC9087FD-BF7B-49AF-925F-856BF24CB510}.Release|Any CPU.ActiveCfg = Release|Any CPU
		{DC9087FD-BF7B-49AF-925F-856BF24CB510}.Release|Any CPU.Build.0 = Release|Any CPU
		{82337AEC-4412-4F55-A9E5-F6845914A268}.Debug|Any CPU.ActiveCfg = Debug|Any CPU
		{82337AEC-4412-4F55-A9E5-F6845914A268}.Debug|Any CPU.Build.0 = Debug|Any CPU
		{82337AEC-4412-4F55-A9E5-F6845914A268}.Release|Any CPU.ActiveCfg = Release|Any CPU
		{82337AEC-4412-4F55-A9E5-F6845914A268}.Release|Any CPU.Build.0 = Release|Any CPU
		{F8AC4E00-FB8A-41F0-82BB-6593B27329AE}.Debug|Any CPU.ActiveCfg = Debug|Any CPU
		{F8AC4E00-FB8A-41F0-82BB-6593B27329AE}.Debug|Any CPU.Build.0 = Debug|Any CPU
		{F8AC4E00-FB8A-41F0-82BB-6593B27329AE}.Release|Any CPU.ActiveCfg = Release|Any CPU
		{F8AC4E00-FB8A-41F0-82BB-6593B27329AE}.Release|Any CPU.Build.0 = Release|Any CPU
		{6FF22A92-3123-4B1E-9C6A-61DE35A6BDC5}.Debug|Any CPU.ActiveCfg = Debug|Any CPU
		{6FF22A92-3123-4B1E-9C6A-61DE35A6BDC5}.Debug|Any CPU.Build.0 = Debug|Any CPU
		{6FF22A92-3123-4B1E-9C6A-61DE35A6BDC5}.Release|Any CPU.ActiveCfg = Release|Any CPU
		{6FF22A92-3123-4B1E-9C6A-61DE35A6BDC5}.Release|Any CPU.Build.0 = Release|Any CPU
		{93EA6532-74D6-4F1B-9802-79142FA4D1E0}.Debug|Any CPU.ActiveCfg = Debug|Any CPU
		{93EA6532-74D6-4F1B-9802-79142FA4D1E0}.Debug|Any CPU.Build.0 = Debug|Any CPU
		{93EA6532-74D6-4F1B-9802-79142FA4D1E0}.Release|Any CPU.ActiveCfg = Release|Any CPU
		{93EA6532-74D6-4F1B-9802-79142FA4D1E0}.Release|Any CPU.Build.0 = Release|Any CPU
		{404BEF22-B49A-42F1-BD82-AB4C66E721FF}.Debug|Any CPU.ActiveCfg = Debug|Any CPU
		{404BEF22-B49A-42F1-BD82-AB4C66E721FF}.Debug|Any CPU.Build.0 = Debug|Any CPU
		{404BEF22-B49A-42F1-BD82-AB4C66E721FF}.Release|Any CPU.ActiveCfg = Release|Any CPU
		{404BEF22-B49A-42F1-BD82-AB4C66E721FF}.Release|Any CPU.Build.0 = Release|Any CPU
		{6DF3DBDF-7524-420F-B859-6618B74FBE21}.Debug|Any CPU.ActiveCfg = Debug|Any CPU
		{6DF3DBDF-7524-420F-B859-6618B74FBE21}.Debug|Any CPU.Build.0 = Debug|Any CPU
		{6DF3DBDF-7524-420F-B859-6618B74FBE21}.Release|Any CPU.ActiveCfg = Release|Any CPU
		{6DF3DBDF-7524-420F-B859-6618B74FBE21}.Release|Any CPU.Build.0 = Release|Any CPU
	EndGlobalSection
	GlobalSection(SolutionProperties) = preSolution
		HideSolutionNode = FALSE
	EndGlobalSection
	GlobalSection(ExtensibilityGlobals) = postSolution
		SolutionGuid = {038FF550-BFF2-4B5A-8C25-F55E0FF1A79F}
	EndGlobalSection
EndGlobal
