
Microsoft Visual Studio Solution File, Format Version 12.00
# Visual Studio Version 17
VisualStudioVersion = 17.0.32112.339
MinimumVisualStudioVersion = 10.0.40219.1
Project("{9A19103F-16F7-4668-BE54-9A1E7A4F7556}") = "001_Abstract", "001_Abstract\001_Abstract.csproj", "{F574ACD6-290D-42DE-88FC-957F2B29F42C}"
EndProject
Project("{9A19103F-16F7-4668-BE54-9A1E7A4F7556}") = "LibExample", "LibExample\LibExample.csproj", "{61F6847B-533F-460C-97BD-FE070A922D6F}"
EndProject
Project("{9A19103F-16F7-4668-BE54-9A1E7A4F7556}") = "002_Abstract", "002_Abstract\002_Abstract.csproj", "{DE90279F-02B4-41C9-BB04-97EB17F2C46B}"
EndProject
Project("{9A19103F-16F7-4668-BE54-9A1E7A4F7556}") = "003_Abstract", "003_Abstract\003_Abstract.csproj", "{D9A7F58F-4818-4732-A399-649B2C5C07EC}"
EndProject
Project("{9A19103F-16F7-4668-BE54-9A1E7A4F7556}") = "004_Interface", "004_Interface\004_Interface.csproj", "{216226EB-9C1A-4F5C-86F7-579C3E1D1050}"
EndProject
Project("{9A19103F-16F7-4668-BE54-9A1E7A4F7556}") = "005_Interface", "005_Interface\005_Interface.csproj", "{6D5AD2D6-E8DA-4475-9F2A-2FE2375AD1AB}"
EndProject
Project("{9A19103F-16F7-4668-BE54-9A1E7A4F7556}") = "006_Interface", "006_Interface\006_Interface.csproj", "{EEECD024-4423-4077-A2FA-7F943AC12333}"
EndProject
Project("{9A19103F-16F7-4668-BE54-9A1E7A4F7556}") = "007_Interface", "7_Interface\007_Interface.csproj", "{E2D683C1-E372-44D4-A61A-67AE59E4814D}"
EndProject
Project("{9A19103F-16F7-4668-BE54-9A1E7A4F7556}") = "008_Interface", "008_Interface\008_Interface.csproj", "{25210543-9F94-477C-A5E6-30D5BDC4589D}"
EndProject
Project("{9A19103F-16F7-4668-BE54-9A1E7A4F7556}") = "009_DependencyInjection", "009_DependencyInjection\009_DependencyInjection.csproj", "{C2331CA3-80B9-45E0-885C-FFCAA10AB60C}"
EndProject
Project("{9A19103F-16F7-4668-BE54-9A1E7A4F7556}") = "010_Exception", "010_Exception\010_Exception.csproj", "{34B46FB3-9A56-46E6-BD43-BFB46EC08179}"
EndProject
Project("{9A19103F-16F7-4668-BE54-9A1E7A4F7556}") = "011_Exception", "11_Exception\011_Exception.csproj", "{C517E637-0E3C-4288-8ED2-263C960F8596}"
EndProject
Project("{9A19103F-16F7-4668-BE54-9A1E7A4F7556}") = "012_Exception", "12_Exception\012_Exception.csproj", "{A5B57727-9B94-4920-8E3E-C13CFEBEEC8A}"
EndProject
Project("{9A19103F-16F7-4668-BE54-9A1E7A4F7556}") = "013_Exception", "13_Exception\013_Exception.csproj", "{B63D773D-3E6A-4216-ABB9-04F21F3D35D3}"
EndProject
Project("{9A19103F-16F7-4668-BE54-9A1E7A4F7556}") = "014_Exception", "14_Exception\014_Exception.csproj", "{4D46E8B2-330D-4A49-BE78-37055D1448B7}"
EndProject
Project("{9A19103F-16F7-4668-BE54-9A1E7A4F7556}") = "015_Exception", "014_Exception\015_Exception.csproj", "{903757A6-28A6-4CC1-B0BF-5E39A782A6D4}"
EndProject
Project("{9A19103F-16F7-4668-BE54-9A1E7A4F7556}") = "016_Exception", "016_Exception\016_Exception.csproj", "{DE15BB75-3F64-42A6-80D5-6694DBACD510}"
EndProject
Project("{9A19103F-16F7-4668-BE54-9A1E7A4F7556}") = "017_Exception", "017_Exception\017_Exception.csproj", "{B21E13AF-1B5B-4CF2-B838-7C2A84C6679F}"
EndProject
Project("{FAE04EC0-301F-11D3-BF4B-00C04F79EFBC}") = "UnitTests", "UnitTests\UnitTests.csproj", "{D3CD707F-846A-45D4-B430-69AF09D3D18B}"
EndProject
Global
	GlobalSection(SolutionConfigurationPlatforms) = preSolution
		Debug|Any CPU = Debug|Any CPU
		Release|Any CPU = Release|Any CPU
	EndGlobalSection
	GlobalSection(ProjectConfigurationPlatforms) = postSolution
		{F574ACD6-290D-42DE-88FC-957F2B29F42C}.Debug|Any CPU.ActiveCfg = Debug|Any CPU
		{F574ACD6-290D-42DE-88FC-957F2B29F42C}.Debug|Any CPU.Build.0 = Debug|Any CPU
		{F574ACD6-290D-42DE-88FC-957F2B29F42C}.Release|Any CPU.ActiveCfg = Release|Any CPU
		{F574ACD6-290D-42DE-88FC-957F2B29F42C}.Release|Any CPU.Build.0 = Release|Any CPU
		{61F6847B-533F-460C-97BD-FE070A922D6F}.Debug|Any CPU.ActiveCfg = Debug|Any CPU
		{61F6847B-533F-460C-97BD-FE070A922D6F}.Debug|Any CPU.Build.0 = Debug|Any CPU
		{61F6847B-533F-460C-97BD-FE070A922D6F}.Release|Any CPU.ActiveCfg = Release|Any CPU
		{61F6847B-533F-460C-97BD-FE070A922D6F}.Release|Any CPU.Build.0 = Release|Any CPU
		{DE90279F-02B4-41C9-BB04-97EB17F2C46B}.Debug|Any CPU.ActiveCfg = Debug|Any CPU
		{DE90279F-02B4-41C9-BB04-97EB17F2C46B}.Debug|Any CPU.Build.0 = Debug|Any CPU
		{DE90279F-02B4-41C9-BB04-97EB17F2C46B}.Release|Any CPU.ActiveCfg = Release|Any CPU
		{DE90279F-02B4-41C9-BB04-97EB17F2C46B}.Release|Any CPU.Build.0 = Release|Any CPU
		{D9A7F58F-4818-4732-A399-649B2C5C07EC}.Debug|Any CPU.ActiveCfg = Debug|Any CPU
		{D9A7F58F-4818-4732-A399-649B2C5C07EC}.Debug|Any CPU.Build.0 = Debug|Any CPU
		{D9A7F58F-4818-4732-A399-649B2C5C07EC}.Release|Any CPU.ActiveCfg = Release|Any CPU
		{D9A7F58F-4818-4732-A399-649B2C5C07EC}.Release|Any CPU.Build.0 = Release|Any CPU
		{216226EB-9C1A-4F5C-86F7-579C3E1D1050}.Debug|Any CPU.ActiveCfg = Debug|Any CPU
		{216226EB-9C1A-4F5C-86F7-579C3E1D1050}.Debug|Any CPU.Build.0 = Debug|Any CPU
		{216226EB-9C1A-4F5C-86F7-579C3E1D1050}.Release|Any CPU.ActiveCfg = Release|Any CPU
		{216226EB-9C1A-4F5C-86F7-579C3E1D1050}.Release|Any CPU.Build.0 = Release|Any CPU
		{6D5AD2D6-E8DA-4475-9F2A-2FE2375AD1AB}.Debug|Any CPU.ActiveCfg = Debug|Any CPU
		{6D5AD2D6-E8DA-4475-9F2A-2FE2375AD1AB}.Debug|Any CPU.Build.0 = Debug|Any CPU
		{6D5AD2D6-E8DA-4475-9F2A-2FE2375AD1AB}.Release|Any CPU.ActiveCfg = Release|Any CPU
		{6D5AD2D6-E8DA-4475-9F2A-2FE2375AD1AB}.Release|Any CPU.Build.0 = Release|Any CPU
		{EEECD024-4423-4077-A2FA-7F943AC12333}.Debug|Any CPU.ActiveCfg = Debug|Any CPU
		{EEECD024-4423-4077-A2FA-7F943AC12333}.Debug|Any CPU.Build.0 = Debug|Any CPU
		{EEECD024-4423-4077-A2FA-7F943AC12333}.Release|Any CPU.ActiveCfg = Release|Any CPU
		{EEECD024-4423-4077-A2FA-7F943AC12333}.Release|Any CPU.Build.0 = Release|Any CPU
		{E2D683C1-E372-44D4-A61A-67AE59E4814D}.Debug|Any CPU.ActiveCfg = Debug|Any CPU
		{E2D683C1-E372-44D4-A61A-67AE59E4814D}.Debug|Any CPU.Build.0 = Debug|Any CPU
		{E2D683C1-E372-44D4-A61A-67AE59E4814D}.Release|Any CPU.ActiveCfg = Release|Any CPU
		{E2D683C1-E372-44D4-A61A-67AE59E4814D}.Release|Any CPU.Build.0 = Release|Any CPU
		{25210543-9F94-477C-A5E6-30D5BDC4589D}.Debug|Any CPU.ActiveCfg = Debug|Any CPU
		{25210543-9F94-477C-A5E6-30D5BDC4589D}.Debug|Any CPU.Build.0 = Debug|Any CPU
		{25210543-9F94-477C-A5E6-30D5BDC4589D}.Release|Any CPU.ActiveCfg = Release|Any CPU
		{25210543-9F94-477C-A5E6-30D5BDC4589D}.Release|Any CPU.Build.0 = Release|Any CPU
		{C2331CA3-80B9-45E0-885C-FFCAA10AB60C}.Debug|Any CPU.ActiveCfg = Debug|Any CPU
		{C2331CA3-80B9-45E0-885C-FFCAA10AB60C}.Debug|Any CPU.Build.0 = Debug|Any CPU
		{C2331CA3-80B9-45E0-885C-FFCAA10AB60C}.Release|Any CPU.ActiveCfg = Release|Any CPU
		{C2331CA3-80B9-45E0-885C-FFCAA10AB60C}.Release|Any CPU.Build.0 = Release|Any CPU
		{34B46FB3-9A56-46E6-BD43-BFB46EC08179}.Debug|Any CPU.ActiveCfg = Debug|Any CPU
		{34B46FB3-9A56-46E6-BD43-BFB46EC08179}.Debug|Any CPU.Build.0 = Debug|Any CPU
		{34B46FB3-9A56-46E6-BD43-BFB46EC08179}.Release|Any CPU.ActiveCfg = Release|Any CPU
		{34B46FB3-9A56-46E6-BD43-BFB46EC08179}.Release|Any CPU.Build.0 = Release|Any CPU
		{C517E637-0E3C-4288-8ED2-263C960F8596}.Debug|Any CPU.ActiveCfg = Debug|Any CPU
		{C517E637-0E3C-4288-8ED2-263C960F8596}.Debug|Any CPU.Build.0 = Debug|Any CPU
		{C517E637-0E3C-4288-8ED2-263C960F8596}.Release|Any CPU.ActiveCfg = Release|Any CPU
		{C517E637-0E3C-4288-8ED2-263C960F8596}.Release|Any CPU.Build.0 = Release|Any CPU
		{A5B57727-9B94-4920-8E3E-C13CFEBEEC8A}.Debug|Any CPU.ActiveCfg = Debug|Any CPU
		{A5B57727-9B94-4920-8E3E-C13CFEBEEC8A}.Debug|Any CPU.Build.0 = Debug|Any CPU
		{A5B57727-9B94-4920-8E3E-C13CFEBEEC8A}.Release|Any CPU.ActiveCfg = Release|Any CPU
		{A5B57727-9B94-4920-8E3E-C13CFEBEEC8A}.Release|Any CPU.Build.0 = Release|Any CPU
		{B63D773D-3E6A-4216-ABB9-04F21F3D35D3}.Debug|Any CPU.ActiveCfg = Debug|Any CPU
		{B63D773D-3E6A-4216-ABB9-04F21F3D35D3}.Debug|Any CPU.Build.0 = Debug|Any CPU
		{B63D773D-3E6A-4216-ABB9-04F21F3D35D3}.Release|Any CPU.ActiveCfg = Release|Any CPU
		{B63D773D-3E6A-4216-ABB9-04F21F3D35D3}.Release|Any CPU.Build.0 = Release|Any CPU
		{4D46E8B2-330D-4A49-BE78-37055D1448B7}.Debug|Any CPU.ActiveCfg = Debug|Any CPU
		{4D46E8B2-330D-4A49-BE78-37055D1448B7}.Debug|Any CPU.Build.0 = Debug|Any CPU
		{4D46E8B2-330D-4A49-BE78-37055D1448B7}.Release|Any CPU.ActiveCfg = Release|Any CPU
		{4D46E8B2-330D-4A49-BE78-37055D1448B7}.Release|Any CPU.Build.0 = Release|Any CPU
		{903757A6-28A6-4CC1-B0BF-5E39A782A6D4}.Debug|Any CPU.ActiveCfg = Debug|Any CPU
		{903757A6-28A6-4CC1-B0BF-5E39A782A6D4}.Debug|Any CPU.Build.0 = Debug|Any CPU
		{903757A6-28A6-4CC1-B0BF-5E39A782A6D4}.Release|Any CPU.ActiveCfg = Release|Any CPU
		{903757A6-28A6-4CC1-B0BF-5E39A782A6D4}.Release|Any CPU.Build.0 = Release|Any CPU
		{DE15BB75-3F64-42A6-80D5-6694DBACD510}.Debug|Any CPU.ActiveCfg = Debug|Any CPU
		{DE15BB75-3F64-42A6-80D5-6694DBACD510}.Debug|Any CPU.Build.0 = Debug|Any CPU
		{DE15BB75-3F64-42A6-80D5-6694DBACD510}.Release|Any CPU.ActiveCfg = Release|Any CPU
		{DE15BB75-3F64-42A6-80D5-6694DBACD510}.Release|Any CPU.Build.0 = Release|Any CPU
		{B21E13AF-1B5B-4CF2-B838-7C2A84C6679F}.Debug|Any CPU.ActiveCfg = Debug|Any CPU
		{B21E13AF-1B5B-4CF2-B838-7C2A84C6679F}.Debug|Any CPU.Build.0 = Debug|Any CPU
		{B21E13AF-1B5B-4CF2-B838-7C2A84C6679F}.Release|Any CPU.ActiveCfg = Release|Any CPU
		{B21E13AF-1B5B-4CF2-B838-7C2A84C6679F}.Release|Any CPU.Build.0 = Release|Any CPU
		{D3CD707F-846A-45D4-B430-69AF09D3D18B}.Debug|Any CPU.ActiveCfg = Debug|Any CPU
		{D3CD707F-846A-45D4-B430-69AF09D3D18B}.Debug|Any CPU.Build.0 = Debug|Any CPU
		{D3CD707F-846A-45D4-B430-69AF09D3D18B}.Release|Any CPU.ActiveCfg = Release|Any CPU
		{D3CD707F-846A-45D4-B430-69AF09D3D18B}.Release|Any CPU.Build.0 = Release|Any CPU
	EndGlobalSection
	GlobalSection(SolutionProperties) = preSolution
		HideSolutionNode = FALSE
	EndGlobalSection
	GlobalSection(ExtensibilityGlobals) = postSolution
		SolutionGuid = {FF4CE47F-F6D6-4DFF-9FEA-039213A5E947}
	EndGlobalSection
EndGlobal
