
Microsoft Visual Studio Solution File, Format Version 12.00
# Visual Studio Version 17
VisualStudioVersion = 17.0.32112.339
MinimumVisualStudioVersion = 10.0.40219.1
Project("{9A19103F-16F7-4668-BE54-9A1E7A4F7556}") = "001_Reflection", "001_Reflection\001_Reflection.csproj", "{DCD28C30-C0BC-4ED6-BCDF-1278AF0F99CD}"
EndProject
Project("{9A19103F-16F7-4668-BE54-9A1E7A4F7556}") = "002_Reflection", "002_Reflection\002_Reflection.csproj", "{6F80DA4C-6FA4-45D6-B407-ADA409210353}"
EndProject
Project("{9A19103F-16F7-4668-BE54-9A1E7A4F7556}") = "003_Reflection", "003_Reflection\003_Reflection.csproj", "{3E995BDB-1729-4460-866E-22F502321255}"
EndProject
Project("{9A19103F-16F7-4668-BE54-9A1E7A4F7556}") = "004_Reflection", "004_Reflection\004_Reflection.csproj", "{ADED17B3-92A2-4627-B5E5-8EE6860733F6}"
EndProject
Project("{9A19103F-16F7-4668-BE54-9A1E7A4F7556}") = "005_Reflection", "005_Reflection\005_Reflection.csproj", "{D80DA236-3D51-434A-AF64-7FDB042EF25F}"
EndProject
Project("{9A19103F-16F7-4668-BE54-9A1E7A4F7556}") = "006_Reflection", "006_Reflection\006_Reflection.csproj", "{C5447331-388D-47FD-A72E-0C85BFCB3E4B}"
EndProject
Project("{9A19103F-16F7-4668-BE54-9A1E7A4F7556}") = "007_Reflection", "007_Reflection\007_Reflection.csproj", "{0ED8BE8F-D9EF-4C62-B024-76FE33CF9540}"
EndProject
Project("{9A19103F-16F7-4668-BE54-9A1E7A4F7556}") = "008_Reflection", "008_Reflection\008_Reflection.csproj", "{89B139F9-6482-4A6F-89E5-35A89539649D}"
EndProject
Project("{9A19103F-16F7-4668-BE54-9A1E7A4F7556}") = "009_Reflection", "009_Reflection\009_Reflection.csproj", "{2F3096C9-DD54-4D10-BE60-83373DCE86A0}"
EndProject
Project("{9A19103F-16F7-4668-BE54-9A1E7A4F7556}") = "010_Reflection", "010_Reflection\010_Reflection.csproj", "{CA7993EC-C33E-4514-A61D-D22A9BE82BDA}"
EndProject
Project("{9A19103F-16F7-4668-BE54-9A1E7A4F7556}") = "011_Reflection", "011_Reflection\011_Reflection.csproj", "{2FB38260-1C20-42CC-9B17-97BE9862D6D5}"
EndProject
Project("{9A19103F-16F7-4668-BE54-9A1E7A4F7556}") = "012_Reflection", "012_Reflection\012_Reflection.csproj", "{06234485-B826-4ACB-AC17-0277E1F06E53}"
EndProject
Project("{9A19103F-16F7-4668-BE54-9A1E7A4F7556}") = "LibExample", "LibExample\LibExample.csproj", "{79CBD595-E484-4551-890B-7E5D673BA3A0}"
EndProject
Project("{FAE04EC0-301F-11D3-BF4B-00C04F79EFBC}") = "013_Reflection", "013_Reflection\013_Reflection.csproj", "{0135A800-D873-455F-A130-7801E651E00E}"
EndProject
Global
	GlobalSection(SolutionConfigurationPlatforms) = preSolution
		Debug|Any CPU = Debug|Any CPU
		Release|Any CPU = Release|Any CPU
	EndGlobalSection
	GlobalSection(ProjectConfigurationPlatforms) = postSolution
		{DCD28C30-C0BC-4ED6-BCDF-1278AF0F99CD}.Debug|Any CPU.ActiveCfg = Debug|Any CPU
		{DCD28C30-C0BC-4ED6-BCDF-1278AF0F99CD}.Debug|Any CPU.Build.0 = Debug|Any CPU
		{DCD28C30-C0BC-4ED6-BCDF-1278AF0F99CD}.Release|Any CPU.ActiveCfg = Release|Any CPU
		{DCD28C30-C0BC-4ED6-BCDF-1278AF0F99CD}.Release|Any CPU.Build.0 = Release|Any CPU
		{6F80DA4C-6FA4-45D6-B407-ADA409210353}.Debug|Any CPU.ActiveCfg = Debug|Any CPU
		{6F80DA4C-6FA4-45D6-B407-ADA409210353}.Debug|Any CPU.Build.0 = Debug|Any CPU
		{6F80DA4C-6FA4-45D6-B407-ADA409210353}.Release|Any CPU.ActiveCfg = Release|Any CPU
		{6F80DA4C-6FA4-45D6-B407-ADA409210353}.Release|Any CPU.Build.0 = Release|Any CPU
		{3E995BDB-1729-4460-866E-22F502321255}.Debug|Any CPU.ActiveCfg = Debug|Any CPU
		{3E995BDB-1729-4460-866E-22F502321255}.Debug|Any CPU.Build.0 = Debug|Any CPU
		{3E995BDB-1729-4460-866E-22F502321255}.Release|Any CPU.ActiveCfg = Release|Any CPU
		{3E995BDB-1729-4460-866E-22F502321255}.Release|Any CPU.Build.0 = Release|Any CPU
		{ADED17B3-92A2-4627-B5E5-8EE6860733F6}.Debug|Any CPU.ActiveCfg = Debug|Any CPU
		{ADED17B3-92A2-4627-B5E5-8EE6860733F6}.Debug|Any CPU.Build.0 = Debug|Any CPU
		{ADED17B3-92A2-4627-B5E5-8EE6860733F6}.Release|Any CPU.ActiveCfg = Release|Any CPU
		{ADED17B3-92A2-4627-B5E5-8EE6860733F6}.Release|Any CPU.Build.0 = Release|Any CPU
		{D80DA236-3D51-434A-AF64-7FDB042EF25F}.Debug|Any CPU.ActiveCfg = Debug|Any CPU
		{D80DA236-3D51-434A-AF64-7FDB042EF25F}.Debug|Any CPU.Build.0 = Debug|Any CPU
		{D80DA236-3D51-434A-AF64-7FDB042EF25F}.Release|Any CPU.ActiveCfg = Release|Any CPU
		{D80DA236-3D51-434A-AF64-7FDB042EF25F}.Release|Any CPU.Build.0 = Release|Any CPU
		{C5447331-388D-47FD-A72E-0C85BFCB3E4B}.Debug|Any CPU.ActiveCfg = Debug|Any CPU
		{C5447331-388D-47FD-A72E-0C85BFCB3E4B}.Debug|Any CPU.Build.0 = Debug|Any CPU
		{C5447331-388D-47FD-A72E-0C85BFCB3E4B}.Release|Any CPU.ActiveCfg = Release|Any CPU
		{C5447331-388D-47FD-A72E-0C85BFCB3E4B}.Release|Any CPU.Build.0 = Release|Any CPU
		{0ED8BE8F-D9EF-4C62-B024-76FE33CF9540}.Debug|Any CPU.ActiveCfg = Debug|Any CPU
		{0ED8BE8F-D9EF-4C62-B024-76FE33CF9540}.Debug|Any CPU.Build.0 = Debug|Any CPU
		{0ED8BE8F-D9EF-4C62-B024-76FE33CF9540}.Release|Any CPU.ActiveCfg = Release|Any CPU
		{0ED8BE8F-D9EF-4C62-B024-76FE33CF9540}.Release|Any CPU.Build.0 = Release|Any CPU
		{89B139F9-6482-4A6F-89E5-35A89539649D}.Debug|Any CPU.ActiveCfg = Debug|Any CPU
		{89B139F9-6482-4A6F-89E5-35A89539649D}.Debug|Any CPU.Build.0 = Debug|Any CPU
		{89B139F9-6482-4A6F-89E5-35A89539649D}.Release|Any CPU.ActiveCfg = Release|Any CPU
		{89B139F9-6482-4A6F-89E5-35A89539649D}.Release|Any CPU.Build.0 = Release|Any CPU
		{2F3096C9-DD54-4D10-BE60-83373DCE86A0}.Debug|Any CPU.ActiveCfg = Debug|Any CPU
		{2F3096C9-DD54-4D10-BE60-83373DCE86A0}.Debug|Any CPU.Build.0 = Debug|Any CPU
		{2F3096C9-DD54-4D10-BE60-83373DCE86A0}.Release|Any CPU.ActiveCfg = Release|Any CPU
		{2F3096C9-DD54-4D10-BE60-83373DCE86A0}.Release|Any CPU.Build.0 = Release|Any CPU
		{CA7993EC-C33E-4514-A61D-D22A9BE82BDA}.Debug|Any CPU.ActiveCfg = Debug|Any CPU
		{CA7993EC-C33E-4514-A61D-D22A9BE82BDA}.Debug|Any CPU.Build.0 = Debug|Any CPU
		{CA7993EC-C33E-4514-A61D-D22A9BE82BDA}.Release|Any CPU.ActiveCfg = Release|Any CPU
		{CA7993EC-C33E-4514-A61D-D22A9BE82BDA}.Release|Any CPU.Build.0 = Release|Any CPU
		{2FB38260-1C20-42CC-9B17-97BE9862D6D5}.Debug|Any CPU.ActiveCfg = Debug|Any CPU
		{2FB38260-1C20-42CC-9B17-97BE9862D6D5}.Debug|Any CPU.Build.0 = Debug|Any CPU
		{2FB38260-1C20-42CC-9B17-97BE9862D6D5}.Release|Any CPU.ActiveCfg = Release|Any CPU
		{2FB38260-1C20-42CC-9B17-97BE9862D6D5}.Release|Any CPU.Build.0 = Release|Any CPU
		{06234485-B826-4ACB-AC17-0277E1F06E53}.Debug|Any CPU.ActiveCfg = Debug|Any CPU
		{06234485-B826-4ACB-AC17-0277E1F06E53}.Debug|Any CPU.Build.0 = Debug|Any CPU
		{06234485-B826-4ACB-AC17-0277E1F06E53}.Release|Any CPU.ActiveCfg = Release|Any CPU
		{06234485-B826-4ACB-AC17-0277E1F06E53}.Release|Any CPU.Build.0 = Release|Any CPU
		{79CBD595-E484-4551-890B-7E5D673BA3A0}.Debug|Any CPU.ActiveCfg = Debug|Any CPU
		{79CBD595-E484-4551-890B-7E5D673BA3A0}.Debug|Any CPU.Build.0 = Debug|Any CPU
		{79CBD595-E484-4551-890B-7E5D673BA3A0}.Release|Any CPU.ActiveCfg = Release|Any CPU
		{79CBD595-E484-4551-890B-7E5D673BA3A0}.Release|Any CPU.Build.0 = Release|Any CPU
		{0135A800-D873-455F-A130-7801E651E00E}.Debug|Any CPU.ActiveCfg = Debug|Any CPU
		{0135A800-D873-455F-A130-7801E651E00E}.Debug|Any CPU.Build.0 = Debug|Any CPU
		{0135A800-D873-455F-A130-7801E651E00E}.Release|Any CPU.ActiveCfg = Release|Any CPU
		{0135A800-D873-455F-A130-7801E651E00E}.Release|Any CPU.Build.0 = Release|Any CPU
	EndGlobalSection
	GlobalSection(SolutionProperties) = preSolution
		HideSolutionNode = FALSE
	EndGlobalSection
	GlobalSection(ExtensibilityGlobals) = postSolution
		SolutionGuid = {215891E0-2DB0-47C6-A81A-3B06A3CE111E}
	EndGlobalSection
EndGlobal
