
Microsoft Visual Studio Solution File, Format Version 12.00
# Visual Studio Version 17
VisualStudioVersion = 17.0.32112.339
MinimumVisualStudioVersion = 10.0.40219.1
Project("{FAE04EC0-301F-11D3-BF4B-00C04F79EFBC}") = "001_Garbage collector", "Garbage collector\001_Garbage collector.csproj", "{EC516ABC-E764-4749-9089-0F51AAC2110E}"
EndProject
Global
	GlobalSection(SolutionConfigurationPlatforms) = preSolution
		Debug|Any CPU = Debug|Any CPU
		Release|Any CPU = Release|Any CPU
	EndGlobalSection
	GlobalSection(ProjectConfigurationPlatforms) = postSolution
		{EC516ABC-E764-4749-9089-0F51AAC2110E}.Debug|Any CPU.ActiveCfg = Debug|Any CPU
		{EC516ABC-E764-4749-9089-0F51AAC2110E}.Debug|Any CPU.Build.0 = Debug|Any CPU
		{EC516ABC-E764-4749-9089-0F51AAC2110E}.Release|Any CPU.ActiveCfg = Release|Any CPU
		{EC516ABC-E764-4749-9089-0F51AAC2110E}.Release|Any CPU.Build.0 = Release|Any CPU
	EndGlobalSection
	GlobalSection(SolutionProperties) = preSolution
		HideSolutionNode = FALSE
	EndGlobalSection
	GlobalSection(ExtensibilityGlobals) = postSolution
		SolutionGuid = {07393D3D-E3D1-4EDF-B848-BE6A4A4F7EA5}
	EndGlobalSection
EndGlobal
