
Microsoft Visual Studio Solution File, Format Version 12.00
# Visual Studio Version 16
VisualStudioVersion = 16.0.28729.10
MinimumVisualStudioVersion = 10.0.40219.1
Project("{9A19103F-16F7-4668-BE54-9A1E7A4F7556}") = "001_LINQ", "001_LINQ\001_LINQ.csproj", "{5ED71001-7ACA-4A03-A52E-C3FCE9CC6474}"
EndProject
Project("{9A19103F-16F7-4668-BE54-9A1E7A4F7556}") = "002_LINQ", "002_LINQ\002_LINQ.csproj", "{50B1C233-6EB8-45A1-BDD0-879558E982B7}"
EndProject
Project("{9A19103F-16F7-4668-BE54-9A1E7A4F7556}") = "003_LINQ", "003_LINQ\003_LINQ.csproj", "{54681BBA-930A-42A9-995C-5C622F75B290}"
EndProject
Project("{9A19103F-16F7-4668-BE54-9A1E7A4F7556}") = "004_LINQ", "004_LINQ\004_LINQ.csproj", "{72520EFC-DF9A-4564-98CE-B1450E85061F}"
EndProject
Project("{9A19103F-16F7-4668-BE54-9A1E7A4F7556}") = "005_LINQ", "005_LINQ\005_LINQ.csproj", "{EF5045E3-43D4-4054-AE59-4B08E76EA302}"
EndProject
Project("{9A19103F-16F7-4668-BE54-9A1E7A4F7556}") = "006_LINQ", "006_LINQ\006_LINQ.csproj", "{EC41F57B-6DC6-46C6-BDD1-4BF458C1D304}"
EndProject
Project("{9A19103F-16F7-4668-BE54-9A1E7A4F7556}") = "007_LINQ", "007_LINQ\007_LINQ.csproj", "{E38F85D1-436E-4DE6-BBF1-5734585D97D5}"
EndProject
Project("{9A19103F-16F7-4668-BE54-9A1E7A4F7556}") = "008_LINQ", "008_LINQ\008_LINQ.csproj", "{8BEB7E05-7361-4C2C-8952-BCE084720B64}"
EndProject
Project("{9A19103F-16F7-4668-BE54-9A1E7A4F7556}") = "010_LINQ", "010_LINQ\010_LINQ.csproj", "{3B7C70E6-5FEA-44BC-B670-BB87143B4469}"
EndProject
Project("{9A19103F-16F7-4668-BE54-9A1E7A4F7556}") = "011_LINQ", "011_LINQ\011_LINQ.csproj", "{2267B077-9446-4F3E-9A5E-060092B8B3F6}"
EndProject
Project("{9A19103F-16F7-4668-BE54-9A1E7A4F7556}") = "012_LINQ", "012_LINQ\012_LINQ.csproj", "{133E2C3B-C1EF-460B-8750-E1FCA7E0EF6C}"
EndProject
Project("{9A19103F-16F7-4668-BE54-9A1E7A4F7556}") = "013_LINQ", "013_LINQ\013_LINQ.csproj", "{001D2BD1-BD35-4C34-8AD2-34010517A6D2}"
EndProject
Project("{9A19103F-16F7-4668-BE54-9A1E7A4F7556}") = "014_ExtensionMethods", "014_ExtensionMethods\014_ExtensionMethods.csproj", "{DEBCB97D-3934-42FA-84BE-EC5D34D5C0D2}"
EndProject
Project("{9A19103F-16F7-4668-BE54-9A1E7A4F7556}") = "016_LINQ", "016_LINQ\016_LINQ.csproj", "{6099E997-A734-4AA2-8181-BC09D0A28510}"
EndProject
Project("{9A19103F-16F7-4668-BE54-9A1E7A4F7556}") = "017_LINQ", "017_LINQ\017_LINQ.csproj", "{B02F5F7E-CD5E-4A47-85A7-114096C4A3B7}"
EndProject
Project("{9A19103F-16F7-4668-BE54-9A1E7A4F7556}") = "018_LINQ", "018_LINQ\018_LINQ.csproj", "{0183639E-F952-474A-8BF2-B47E3DC9539A}"
EndProject
Project("{9A19103F-16F7-4668-BE54-9A1E7A4F7556}") = "019_LINQ", "019_LINQ\019_LINQ.csproj", "{18146CCC-10FC-485B-8521-EAD4DA42D47B}"
EndProject
Project("{9A19103F-16F7-4668-BE54-9A1E7A4F7556}") = "020_LINQ", "020_LINQ\020_LINQ.csproj", "{6B2E4A2B-709D-4457-9064-255C8886C525}"
EndProject
Project("{9A19103F-16F7-4668-BE54-9A1E7A4F7556}") = "021_LINQ", "021_LINQ\021_LINQ.csproj", "{097271E4-EB9E-4208-89DF-20DE8EF2759D}"
EndProject
Project("{9A19103F-16F7-4668-BE54-9A1E7A4F7556}") = "022_LINQ", "022_LINQ\022_LINQ.csproj", "{1F0199F7-C0FF-4B88-AE18-43143B6B991B}"
EndProject
Project("{9A19103F-16F7-4668-BE54-9A1E7A4F7556}") = "023_LINQ", "023_LINQ\023_LINQ.csproj", "{C6EDC10A-7B4A-4076-BDD3-7CF9C2158AD5}"
EndProject
Project("{9A19103F-16F7-4668-BE54-9A1E7A4F7556}") = "024_LINQ", "024_LINQ\024_LINQ.csproj", "{5596C0F9-E3D4-43E7-9F3F-E2727CF7DD65}"
EndProject
Project("{9A19103F-16F7-4668-BE54-9A1E7A4F7556}") = "025_LINQ", "025_LINQ\025_LINQ.csproj", "{14C2D664-A07E-4FF4-B921-6190C4C28E50}"
EndProject
Project("{9A19103F-16F7-4668-BE54-9A1E7A4F7556}") = "LibExample", "LibExample\LibExample.csproj", "{CD376569-5EE9-422B-8CC2-D47AE7600FAD}"
EndProject
Global
	GlobalSection(SolutionConfigurationPlatforms) = preSolution
		Debug|Any CPU = Debug|Any CPU
		Release|Any CPU = Release|Any CPU
	EndGlobalSection
	GlobalSection(ProjectConfigurationPlatforms) = postSolution
		{5ED71001-7ACA-4A03-A52E-C3FCE9CC6474}.Debug|Any CPU.ActiveCfg = Debug|Any CPU
		{5ED71001-7ACA-4A03-A52E-C3FCE9CC6474}.Debug|Any CPU.Build.0 = Debug|Any CPU
		{5ED71001-7ACA-4A03-A52E-C3FCE9CC6474}.Release|Any CPU.ActiveCfg = Release|Any CPU
		{5ED71001-7ACA-4A03-A52E-C3FCE9CC6474}.Release|Any CPU.Build.0 = Release|Any CPU
		{50B1C233-6EB8-45A1-BDD0-879558E982B7}.Debug|Any CPU.ActiveCfg = Debug|Any CPU
		{50B1C233-6EB8-45A1-BDD0-879558E982B7}.Debug|Any CPU.Build.0 = Debug|Any CPU
		{50B1C233-6EB8-45A1-BDD0-879558E982B7}.Release|Any CPU.ActiveCfg = Release|Any CPU
		{50B1C233-6EB8-45A1-BDD0-879558E982B7}.Release|Any CPU.Build.0 = Release|Any CPU
		{54681BBA-930A-42A9-995C-5C622F75B290}.Debug|Any CPU.ActiveCfg = Debug|Any CPU
		{54681BBA-930A-42A9-995C-5C622F75B290}.Debug|Any CPU.Build.0 = Debug|Any CPU
		{54681BBA-930A-42A9-995C-5C622F75B290}.Release|Any CPU.ActiveCfg = Release|Any CPU
		{54681BBA-930A-42A9-995C-5C622F75B290}.Release|Any CPU.Build.0 = Release|Any CPU
		{72520EFC-DF9A-4564-98CE-B1450E85061F}.Debug|Any CPU.ActiveCfg = Debug|Any CPU
		{72520EFC-DF9A-4564-98CE-B1450E85061F}.Debug|Any CPU.Build.0 = Debug|Any CPU
		{72520EFC-DF9A-4564-98CE-B1450E85061F}.Release|Any CPU.ActiveCfg = Release|Any CPU
		{72520EFC-DF9A-4564-98CE-B1450E85061F}.Release|Any CPU.Build.0 = Release|Any CPU
		{EF5045E3-43D4-4054-AE59-4B08E76EA302}.Debug|Any CPU.ActiveCfg = Debug|Any CPU
		{EF5045E3-43D4-4054-AE59-4B08E76EA302}.Debug|Any CPU.Build.0 = Debug|Any CPU
		{EF5045E3-43D4-4054-AE59-4B08E76EA302}.Release|Any CPU.ActiveCfg = Release|Any CPU
		{EF5045E3-43D4-4054-AE59-4B08E76EA302}.Release|Any CPU.Build.0 = Release|Any CPU
		{EC41F57B-6DC6-46C6-BDD1-4BF458C1D304}.Debug|Any CPU.ActiveCfg = Debug|Any CPU
		{EC41F57B-6DC6-46C6-BDD1-4BF458C1D304}.Debug|Any CPU.Build.0 = Debug|Any CPU
		{EC41F57B-6DC6-46C6-BDD1-4BF458C1D304}.Release|Any CPU.ActiveCfg = Release|Any CPU
		{EC41F57B-6DC6-46C6-BDD1-4BF458C1D304}.Release|Any CPU.Build.0 = Release|Any CPU
		{E38F85D1-436E-4DE6-BBF1-5734585D97D5}.Debug|Any CPU.ActiveCfg = Debug|Any CPU
		{E38F85D1-436E-4DE6-BBF1-5734585D97D5}.Debug|Any CPU.Build.0 = Debug|Any CPU
		{E38F85D1-436E-4DE6-BBF1-5734585D97D5}.Release|Any CPU.ActiveCfg = Release|Any CPU
		{E38F85D1-436E-4DE6-BBF1-5734585D97D5}.Release|Any CPU.Build.0 = Release|Any CPU
		{8BEB7E05-7361-4C2C-8952-BCE084720B64}.Debug|Any CPU.ActiveCfg = Debug|Any CPU
		{8BEB7E05-7361-4C2C-8952-BCE084720B64}.Debug|Any CPU.Build.0 = Debug|Any CPU
		{8BEB7E05-7361-4C2C-8952-BCE084720B64}.Release|Any CPU.ActiveCfg = Release|Any CPU
		{8BEB7E05-7361-4C2C-8952-BCE084720B64}.Release|Any CPU.Build.0 = Release|Any CPU
		{3B7C70E6-5FEA-44BC-B670-BB87143B4469}.Debug|Any CPU.ActiveCfg = Debug|Any CPU
		{3B7C70E6-5FEA-44BC-B670-BB87143B4469}.Debug|Any CPU.Build.0 = Debug|Any CPU
		{3B7C70E6-5FEA-44BC-B670-BB87143B4469}.Release|Any CPU.ActiveCfg = Release|Any CPU
		{3B7C70E6-5FEA-44BC-B670-BB87143B4469}.Release|Any CPU.Build.0 = Release|Any CPU
		{2267B077-9446-4F3E-9A5E-060092B8B3F6}.Debug|Any CPU.ActiveCfg = Debug|Any CPU
		{2267B077-9446-4F3E-9A5E-060092B8B3F6}.Debug|Any CPU.Build.0 = Debug|Any CPU
		{2267B077-9446-4F3E-9A5E-060092B8B3F6}.Release|Any CPU.ActiveCfg = Release|Any CPU
		{2267B077-9446-4F3E-9A5E-060092B8B3F6}.Release|Any CPU.Build.0 = Release|Any CPU
		{133E2C3B-C1EF-460B-8750-E1FCA7E0EF6C}.Debug|Any CPU.ActiveCfg = Debug|Any CPU
		{133E2C3B-C1EF-460B-8750-E1FCA7E0EF6C}.Debug|Any CPU.Build.0 = Debug|Any CPU
		{133E2C3B-C1EF-460B-8750-E1FCA7E0EF6C}.Release|Any CPU.ActiveCfg = Release|Any CPU
		{133E2C3B-C1EF-460B-8750-E1FCA7E0EF6C}.Release|Any CPU.Build.0 = Release|Any CPU
		{001D2BD1-BD35-4C34-8AD2-34010517A6D2}.Debug|Any CPU.ActiveCfg = Debug|Any CPU
		{001D2BD1-BD35-4C34-8AD2-34010517A6D2}.Debug|Any CPU.Build.0 = Debug|Any CPU
		{001D2BD1-BD35-4C34-8AD2-34010517A6D2}.Release|Any CPU.ActiveCfg = Release|Any CPU
		{001D2BD1-BD35-4C34-8AD2-34010517A6D2}.Release|Any CPU.Build.0 = Release|Any CPU
		{DEBCB97D-3934-42FA-84BE-EC5D34D5C0D2}.Debug|Any CPU.ActiveCfg = Debug|Any CPU
		{DEBCB97D-3934-42FA-84BE-EC5D34D5C0D2}.Debug|Any CPU.Build.0 = Debug|Any CPU
		{DEBCB97D-3934-42FA-84BE-EC5D34D5C0D2}.Release|Any CPU.ActiveCfg = Release|Any CPU
		{DEBCB97D-3934-42FA-84BE-EC5D34D5C0D2}.Release|Any CPU.Build.0 = Release|Any CPU
		{6099E997-A734-4AA2-8181-BC09D0A28510}.Debug|Any CPU.ActiveCfg = Debug|Any CPU
		{6099E997-A734-4AA2-8181-BC09D0A28510}.Debug|Any CPU.Build.0 = Debug|Any CPU
		{6099E997-A734-4AA2-8181-BC09D0A28510}.Release|Any CPU.ActiveCfg = Release|Any CPU
		{6099E997-A734-4AA2-8181-BC09D0A28510}.Release|Any CPU.Build.0 = Release|Any CPU
		{B02F5F7E-CD5E-4A47-85A7-114096C4A3B7}.Debug|Any CPU.ActiveCfg = Debug|Any CPU
		{B02F5F7E-CD5E-4A47-85A7-114096C4A3B7}.Debug|Any CPU.Build.0 = Debug|Any CPU
		{B02F5F7E-CD5E-4A47-85A7-114096C4A3B7}.Release|Any CPU.ActiveCfg = Release|Any CPU
		{B02F5F7E-CD5E-4A47-85A7-114096C4A3B7}.Release|Any CPU.Build.0 = Release|Any CPU
		{0183639E-F952-474A-8BF2-B47E3DC9539A}.Debug|Any CPU.ActiveCfg = Debug|Any CPU
		{0183639E-F952-474A-8BF2-B47E3DC9539A}.Debug|Any CPU.Build.0 = Debug|Any CPU
		{0183639E-F952-474A-8BF2-B47E3DC9539A}.Release|Any CPU.ActiveCfg = Release|Any CPU
		{0183639E-F952-474A-8BF2-B47E3DC9539A}.Release|Any CPU.Build.0 = Release|Any CPU
		{18146CCC-10FC-485B-8521-EAD4DA42D47B}.Debug|Any CPU.ActiveCfg = Debug|Any CPU
		{18146CCC-10FC-485B-8521-EAD4DA42D47B}.Debug|Any CPU.Build.0 = Debug|Any CPU
		{18146CCC-10FC-485B-8521-EAD4DA42D47B}.Release|Any CPU.ActiveCfg = Release|Any CPU
		{18146CCC-10FC-485B-8521-EAD4DA42D47B}.Release|Any CPU.Build.0 = Release|Any CPU
		{6B2E4A2B-709D-4457-9064-255C8886C525}.Debug|Any CPU.ActiveCfg = Debug|Any CPU
		{6B2E4A2B-709D-4457-9064-255C8886C525}.Debug|Any CPU.Build.0 = Debug|Any CPU
		{6B2E4A2B-709D-4457-9064-255C8886C525}.Release|Any CPU.ActiveCfg = Release|Any CPU
		{6B2E4A2B-709D-4457-9064-255C8886C525}.Release|Any CPU.Build.0 = Release|Any CPU
		{097271E4-EB9E-4208-89DF-20DE8EF2759D}.Debug|Any CPU.ActiveCfg = Debug|Any CPU
		{097271E4-EB9E-4208-89DF-20DE8EF2759D}.Debug|Any CPU.Build.0 = Debug|Any CPU
		{097271E4-EB9E-4208-89DF-20DE8EF2759D}.Release|Any CPU.ActiveCfg = Release|Any CPU
		{097271E4-EB9E-4208-89DF-20DE8EF2759D}.Release|Any CPU.Build.0 = Release|Any CPU
		{1F0199F7-C0FF-4B88-AE18-43143B6B991B}.Debug|Any CPU.ActiveCfg = Debug|Any CPU
		{1F0199F7-C0FF-4B88-AE18-43143B6B991B}.Debug|Any CPU.Build.0 = Debug|Any CPU
		{1F0199F7-C0FF-4B88-AE18-43143B6B991B}.Release|Any CPU.ActiveCfg = Release|Any CPU
		{1F0199F7-C0FF-4B88-AE18-43143B6B991B}.Release|Any CPU.Build.0 = Release|Any CPU
		{C6EDC10A-7B4A-4076-BDD3-7CF9C2158AD5}.Debug|Any CPU.ActiveCfg = Debug|Any CPU
		{C6EDC10A-7B4A-4076-BDD3-7CF9C2158AD5}.Debug|Any CPU.Build.0 = Debug|Any CPU
		{C6EDC10A-7B4A-4076-BDD3-7CF9C2158AD5}.Release|Any CPU.ActiveCfg = Release|Any CPU
		{C6EDC10A-7B4A-4076-BDD3-7CF9C2158AD5}.Release|Any CPU.Build.0 = Release|Any CPU
		{5596C0F9-E3D4-43E7-9F3F-E2727CF7DD65}.Debug|Any CPU.ActiveCfg = Debug|Any CPU
		{5596C0F9-E3D4-43E7-9F3F-E2727CF7DD65}.Debug|Any CPU.Build.0 = Debug|Any CPU
		{5596C0F9-E3D4-43E7-9F3F-E2727CF7DD65}.Release|Any CPU.ActiveCfg = Release|Any CPU
		{5596C0F9-E3D4-43E7-9F3F-E2727CF7DD65}.Release|Any CPU.Build.0 = Release|Any CPU
		{14C2D664-A07E-4FF4-B921-6190C4C28E50}.Debug|Any CPU.ActiveCfg = Debug|Any CPU
		{14C2D664-A07E-4FF4-B921-6190C4C28E50}.Debug|Any CPU.Build.0 = Debug|Any CPU
		{14C2D664-A07E-4FF4-B921-6190C4C28E50}.Release|Any CPU.ActiveCfg = Release|Any CPU
		{14C2D664-A07E-4FF4-B921-6190C4C28E50}.Release|Any CPU.Build.0 = Release|Any CPU
		{CD376569-5EE9-422B-8CC2-D47AE7600FAD}.Debug|Any CPU.ActiveCfg = Debug|Any CPU
		{CD376569-5EE9-422B-8CC2-D47AE7600FAD}.Debug|Any CPU.Build.0 = Debug|Any CPU
		{CD376569-5EE9-422B-8CC2-D47AE7600FAD}.Release|Any CPU.ActiveCfg = Release|Any CPU
		{CD376569-5EE9-422B-8CC2-D47AE7600FAD}.Release|Any CPU.Build.0 = Release|Any CPU
	EndGlobalSection
	GlobalSection(SolutionProperties) = preSolution
		HideSolutionNode = FALSE
	EndGlobalSection
	GlobalSection(ExtensibilityGlobals) = postSolution
		SolutionGuid = {682C371F-9CE8-45E4-ABDA-F48687BB396D}
	EndGlobalSection
EndGlobal
