
Microsoft Visual Studio Solution File, Format Version 12.00
# Visual Studio Version 16
VisualStudioVersion = 16.0.28729.10
MinimumVisualStudioVersion = 10.0.40219.1
Project("{FAE04EC0-301F-11D3-BF4B-00C04F79EFBC}") = "01_Array", "lesson_4\01_Array.csproj", "{27CDED4C-48A6-4BD6-86BF-5340E9D7CA5B}"
EndProject
Project("{FAE04EC0-301F-11D3-BF4B-00C04F79EFBC}") = "02_Array", "ConsoleApplication1\02_Array.csproj", "{56E0C842-82AA-4C53-8D64-A3C86A6BAC8E}"
EndProject
Project("{FAE04EC0-301F-11D3-BF4B-00C04F79EFBC}") = "03_Array", "03_Array\03_Array.csproj", "{D1A16C8E-DCD2-4609-8D22-C119AE1DBA7F}"
EndProject
Project("{FAE04EC0-301F-11D3-BF4B-00C04F79EFBC}") = "04_Array", "04_Array\04_Array.csproj", "{030B914A-8598-41CD-880E-F74916CF06B5}"
EndProject
Project("{FAE04EC0-301F-11D3-BF4B-00C04F79EFBC}") = "05_Array", "05_Array\05_Array.csproj", "{6C763F7F-4145-4B46-BD88-8D5C69F2C0A4}"
EndProject
Project("{FAE04EC0-301F-11D3-BF4B-00C04F79EFBC}") = "06_Indexer.csproj", "06_Indexer\06_Indexer.csproj.csproj", "{68E01A85-64A1-414D-9DD9-43B216C64EA4}"
EndProject
Project("{FAE04EC0-301F-11D3-BF4B-00C04F79EFBC}") = "07_Indexer", "07_Indexer\07_Indexer.csproj", "{7D3A3FF8-3EFF-4D6E-B29A-5304F4A96203}"
EndProject
Project("{FAE04EC0-301F-11D3-BF4B-00C04F79EFBC}") = "08_params", "08_params\08_params.csproj", "{BAD6EE4F-4DD1-42F8-A5D5-685C1191E241}"
EndProject
Project("{FAE04EC0-301F-11D3-BF4B-00C04F79EFBC}") = "09_params", "09_params\09_params.csproj", "{85B051BB-0003-494C-8E12-6583D6EC7EF8}"
EndProject
Project("{FAE04EC0-301F-11D3-BF4B-00C04F79EFBC}") = "10_ArrayList", "10_ArrayList\10_ArrayList.csproj", "{06EB3C72-365A-4A08-8684-5835AD3D1FAB}"
EndProject
Project("{FAE04EC0-301F-11D3-BF4B-00C04F79EFBC}") = "11_ArrayList", "11_ArrayList\11_ArrayList.csproj", "{2AEC3291-6C77-4501-B419-BCFD6C062B70}"
EndProject
Project("{FAE04EC0-301F-11D3-BF4B-00C04F79EFBC}") = "12_ArrayList", "12_ArrayList\12_ArrayList.csproj", "{D2656364-2202-4D95-9F37-79E8955FE540}"
EndProject
Project("{FAE04EC0-301F-11D3-BF4B-00C04F79EFBC}") = "13_ArrayList", "13_ArrayList\13_ArrayList.csproj", "{0CF9E143-F1D0-4B57-8385-E790F3D391EC}"
EndProject
Global
	GlobalSection(SolutionConfigurationPlatforms) = preSolution
		Debug|Any CPU = Debug|Any CPU
		Release|Any CPU = Release|Any CPU
	EndGlobalSection
	GlobalSection(ProjectConfigurationPlatforms) = postSolution
		{27CDED4C-48A6-4BD6-86BF-5340E9D7CA5B}.Debug|Any CPU.ActiveCfg = Debug|Any CPU
		{27CDED4C-48A6-4BD6-86BF-5340E9D7CA5B}.Debug|Any CPU.Build.0 = Debug|Any CPU
		{27CDED4C-48A6-4BD6-86BF-5340E9D7CA5B}.Release|Any CPU.ActiveCfg = Release|Any CPU
		{27CDED4C-48A6-4BD6-86BF-5340E9D7CA5B}.Release|Any CPU.Build.0 = Release|Any CPU
		{56E0C842-82AA-4C53-8D64-A3C86A6BAC8E}.Debug|Any CPU.ActiveCfg = Debug|Any CPU
		{56E0C842-82AA-4C53-8D64-A3C86A6BAC8E}.Debug|Any CPU.Build.0 = Debug|Any CPU
		{56E0C842-82AA-4C53-8D64-A3C86A6BAC8E}.Release|Any CPU.ActiveCfg = Release|Any CPU
		{56E0C842-82AA-4C53-8D64-A3C86A6BAC8E}.Release|Any CPU.Build.0 = Release|Any CPU
		{D1A16C8E-DCD2-4609-8D22-C119AE1DBA7F}.Debug|Any CPU.ActiveCfg = Debug|Any CPU
		{D1A16C8E-DCD2-4609-8D22-C119AE1DBA7F}.Debug|Any CPU.Build.0 = Debug|Any CPU
		{D1A16C8E-DCD2-4609-8D22-C119AE1DBA7F}.Release|Any CPU.ActiveCfg = Release|Any CPU
		{D1A16C8E-DCD2-4609-8D22-C119AE1DBA7F}.Release|Any CPU.Build.0 = Release|Any CPU
		{030B914A-8598-41CD-880E-F74916CF06B5}.Debug|Any CPU.ActiveCfg = Debug|Any CPU
		{030B914A-8598-41CD-880E-F74916CF06B5}.Debug|Any CPU.Build.0 = Debug|Any CPU
		{030B914A-8598-41CD-880E-F74916CF06B5}.Release|Any CPU.ActiveCfg = Release|Any CPU
		{030B914A-8598-41CD-880E-F74916CF06B5}.Release|Any CPU.Build.0 = Release|Any CPU
		{6C763F7F-4145-4B46-BD88-8D5C69F2C0A4}.Debug|Any CPU.ActiveCfg = Debug|Any CPU
		{6C763F7F-4145-4B46-BD88-8D5C69F2C0A4}.Debug|Any CPU.Build.0 = Debug|Any CPU
		{6C763F7F-4145-4B46-BD88-8D5C69F2C0A4}.Release|Any CPU.ActiveCfg = Release|Any CPU
		{6C763F7F-4145-4B46-BD88-8D5C69F2C0A4}.Release|Any CPU.Build.0 = Release|Any CPU
		{68E01A85-64A1-414D-9DD9-43B216C64EA4}.Debug|Any CPU.ActiveCfg = Debug|Any CPU
		{68E01A85-64A1-414D-9DD9-43B216C64EA4}.Debug|Any CPU.Build.0 = Debug|Any CPU
		{68E01A85-64A1-414D-9DD9-43B216C64EA4}.Release|Any CPU.ActiveCfg = Release|Any CPU
		{68E01A85-64A1-414D-9DD9-43B216C64EA4}.Release|Any CPU.Build.0 = Release|Any CPU
		{7D3A3FF8-3EFF-4D6E-B29A-5304F4A96203}.Debug|Any CPU.ActiveCfg = Debug|Any CPU
		{7D3A3FF8-3EFF-4D6E-B29A-5304F4A96203}.Debug|Any CPU.Build.0 = Debug|Any CPU
		{7D3A3FF8-3EFF-4D6E-B29A-5304F4A96203}.Release|Any CPU.ActiveCfg = Release|Any CPU
		{7D3A3FF8-3EFF-4D6E-B29A-5304F4A96203}.Release|Any CPU.Build.0 = Release|Any CPU
		{BAD6EE4F-4DD1-42F8-A5D5-685C1191E241}.Debug|Any CPU.ActiveCfg = Debug|Any CPU
		{BAD6EE4F-4DD1-42F8-A5D5-685C1191E241}.Debug|Any CPU.Build.0 = Debug|Any CPU
		{BAD6EE4F-4DD1-42F8-A5D5-685C1191E241}.Release|Any CPU.ActiveCfg = Release|Any CPU
		{BAD6EE4F-4DD1-42F8-A5D5-685C1191E241}.Release|Any CPU.Build.0 = Release|Any CPU
		{85B051BB-0003-494C-8E12-6583D6EC7EF8}.Debug|Any CPU.ActiveCfg = Debug|Any CPU
		{85B051BB-0003-494C-8E12-6583D6EC7EF8}.Debug|Any CPU.Build.0 = Debug|Any CPU
		{85B051BB-0003-494C-8E12-6583D6EC7EF8}.Release|Any CPU.ActiveCfg = Release|Any CPU
		{85B051BB-0003-494C-8E12-6583D6EC7EF8}.Release|Any CPU.Build.0 = Release|Any CPU
		{06EB3C72-365A-4A08-8684-5835AD3D1FAB}.Debug|Any CPU.ActiveCfg = Debug|Any CPU
		{06EB3C72-365A-4A08-8684-5835AD3D1FAB}.Debug|Any CPU.Build.0 = Debug|Any CPU
		{06EB3C72-365A-4A08-8684-5835AD3D1FAB}.Release|Any CPU.ActiveCfg = Release|Any CPU
		{06EB3C72-365A-4A08-8684-5835AD3D1FAB}.Release|Any CPU.Build.0 = Release|Any CPU
		{2AEC3291-6C77-4501-B419-BCFD6C062B70}.Debug|Any CPU.ActiveCfg = Debug|Any CPU
		{2AEC3291-6C77-4501-B419-BCFD6C062B70}.Debug|Any CPU.Build.0 = Debug|Any CPU
		{2AEC3291-6C77-4501-B419-BCFD6C062B70}.Release|Any CPU.ActiveCfg = Release|Any CPU
		{2AEC3291-6C77-4501-B419-BCFD6C062B70}.Release|Any CPU.Build.0 = Release|Any CPU
		{D2656364-2202-4D95-9F37-79E8955FE540}.Debug|Any CPU.ActiveCfg = Debug|Any CPU
		{D2656364-2202-4D95-9F37-79E8955FE540}.Debug|Any CPU.Build.0 = Debug|Any CPU
		{D2656364-2202-4D95-9F37-79E8955FE540}.Release|Any CPU.ActiveCfg = Release|Any CPU
		{D2656364-2202-4D95-9F37-79E8955FE540}.Release|Any CPU.Build.0 = Release|Any CPU
		{0CF9E143-F1D0-4B57-8385-E790F3D391EC}.Debug|Any CPU.ActiveCfg = Debug|Any CPU
		{0CF9E143-F1D0-4B57-8385-E790F3D391EC}.Debug|Any CPU.Build.0 = Debug|Any CPU
		{0CF9E143-F1D0-4B57-8385-E790F3D391EC}.Release|Any CPU.ActiveCfg = Release|Any CPU
		{0CF9E143-F1D0-4B57-8385-E790F3D391EC}.Release|Any CPU.Build.0 = Release|Any CPU
	EndGlobalSection
	GlobalSection(SolutionProperties) = preSolution
		HideSolutionNode = FALSE
	EndGlobalSection
	GlobalSection(ExtensibilityGlobals) = postSolution
		SolutionGuid = {3F183C28-578C-4BAD-850B-FE0A34726050}
	EndGlobalSection
EndGlobal
