
Microsoft Visual Studio Solution File, Format Version 12.00
# Visual Studio Version 16
VisualStudioVersion = 16.0.28729.10
MinimumVisualStudioVersion = 10.0.40219.1
Project("{FAE04EC0-301F-11D3-BF4B-00C04F79EFBC}") = "Facade", "Facade\Facade.csproj", "{53CB7546-4542-471D-9872-FF68099085A3}"
EndProject
Global
	GlobalSection(SolutionConfigurationPlatforms) = preSolution
		Debug|Any CPU = Debug|Any CPU
		Release|Any CPU = Release|Any CPU
	EndGlobalSection
	GlobalSection(ProjectConfigurationPlatforms) = postSolution
		{53CB7546-4542-471D-9872-FF68099085A3}.Debug|Any CPU.ActiveCfg = Debug|Any CPU
		{53CB7546-4542-471D-9872-FF68099085A3}.Debug|Any CPU.Build.0 = Debug|Any CPU
		{53CB7546-4542-471D-9872-FF68099085A3}.Release|Any CPU.ActiveCfg = Release|Any CPU
		{53CB7546-4542-471D-9872-FF68099085A3}.Release|Any CPU.Build.0 = Release|Any CPU
	EndGlobalSection
	GlobalSection(SolutionProperties) = preSolution
		HideSolutionNode = FALSE
	EndGlobalSection
	GlobalSection(ExtensibilityGlobals) = postSolution
		SolutionGuid = {78CF0664-8820-4BAD-85E5-F91A6D509601}
	EndGlobalSection
EndGlobal
