
Microsoft Visual Studio Solution File, Format Version 12.00
# Visual Studio Version 17
VisualStudioVersion = 17.0.32112.339
MinimumVisualStudioVersion = 10.0.40219.1
Project("{9A19103F-16F7-4668-BE54-9A1E7A4F7556}") = "001_Inheritance", "Inheritance_1\001_Inheritance.csproj", "{D09E84E7-E159-4A36-A2EE-1CE59EA4D32F}"
EndProject
Project("{9A19103F-16F7-4668-BE54-9A1E7A4F7556}") = "002_Inheritance", "002_Inheritance\002_Inheritance.csproj", "{9EBFA962-F290-4AC1-A9FE-7B2A2234C663}"
EndProject
Project("{9A19103F-16F7-4668-BE54-9A1E7A4F7556}") = "003_Inheritance", "003_Inheritance\003_Inheritance.csproj", "{175F097F-C6E8-4A64-912E-CB354A9A5299}"
EndProject
Project("{9A19103F-16F7-4668-BE54-9A1E7A4F7556}") = "004_Inheritance", "004_Inheritance\004_Inheritance.csproj", "{97173663-A5C5-45D8-AD51-8B5A10525E43}"
EndProject
Project("{9A19103F-16F7-4668-BE54-9A1E7A4F7556}") = "LibExample", "LibExample\LibExample.csproj", "{87F34FEB-7D00-4074-9CE4-6A3B6DAC138E}"
EndProject
Project("{9A19103F-16F7-4668-BE54-9A1E7A4F7556}") = "005_Inheritance", "005_Inheritance\005_Inheritance.csproj", "{FE47B035-9FBB-424C-9764-221C228B36FB}"
EndProject
Project("{9A19103F-16F7-4668-BE54-9A1E7A4F7556}") = "006_UpCast", "006_UpCast\006_UpCast.csproj", "{9E5AA2CD-E692-4837-91AE-9B3C68D53AB1}"
EndProject
Project("{9A19103F-16F7-4668-BE54-9A1E7A4F7556}") = "007_UpCast", "007_UpCast\007_UpCast.csproj", "{FD5CB6FC-B4A2-41E1-A661-7A7BE5D1DF00}"
EndProject
Project("{9A19103F-16F7-4668-BE54-9A1E7A4F7556}") = "008_DownCast", "008_DownCast\008_DownCast.csproj", "{C88B9D09-577B-4CF7-8600-88C298A5034B}"
EndProject
Project("{9A19103F-16F7-4668-BE54-9A1E7A4F7556}") = "009_UpCast", "009_UpCast\009_UpCast.csproj", "{5C166E6E-3E2A-4C66-889E-D35B46699AE2}"
EndProject
Project("{9A19103F-16F7-4668-BE54-9A1E7A4F7556}") = "010_Virtual", "010_Virtual\010_Virtual.csproj", "{58788293-ABD3-47E6-989B-1682729ADD7F}"
EndProject
Project("{9A19103F-16F7-4668-BE54-9A1E7A4F7556}") = "011_Virtual", "011_Virtual\011_Virtual.csproj", "{1C48C7C0-4D43-4CA5-B783-FF3379F13783}"
EndProject
Project("{9A19103F-16F7-4668-BE54-9A1E7A4F7556}") = "012_Virtual", "012_Virtual\012_Virtual.csproj", "{4CE16809-BECD-4955-AF33-AF2532739625}"
EndProject
Project("{9A19103F-16F7-4668-BE54-9A1E7A4F7556}") = "013_Is", "012_is\013_Is.csproj", "{FA71A235-8807-4C45-AFA0-5DE2A02C94D7}"
EndProject
Project("{9A19103F-16F7-4668-BE54-9A1E7A4F7556}") = "014_As", "014_As\014_As.csproj", "{5BD9345F-2AC4-4E3D-BA7A-C693EEDE362D}"
EndProject
Project("{9A19103F-16F7-4668-BE54-9A1E7A4F7556}") = "015_Сomposition", "015_Сomposition\015_Сomposition.csproj", "{2E18F73E-368B-4A6D-B820-EA86382C68E9}"
EndProject
Project("{9A19103F-16F7-4668-BE54-9A1E7A4F7556}") = "016_Aggregation", "016_Aggregation\016_Aggregation.csproj", "{3EE87F02-A55E-4698-992A-3E6083BEA304}"
EndProject
Project("{9A19103F-16F7-4668-BE54-9A1E7A4F7556}") = "017_Nunit", "017_Nunit\017_Nunit.csproj", "{C17A8CD8-C780-46B3-8C32-C80347A68B57}"
EndProject
Project("{FAE04EC0-301F-11D3-BF4B-00C04F79EFBC}") = "018_boxing", "018_boxing\018_boxing.csproj", "{4AADEC59-0A24-4CDC-8115-F82779FBF1C2}"
EndProject
Project("{FAE04EC0-301F-11D3-BF4B-00C04F79EFBC}") = "019_Unboxing", "019_Unboxing\019_Unboxing.csproj", "{3E268C29-6873-447C-98F1-23920EF58ADB}"
EndProject
Project("{FAE04EC0-301F-11D3-BF4B-00C04F79EFBC}") = "020_new", "020_new\020_new.csproj", "{73F9191D-C020-4067-8BD1-E0CE33A36828}"
EndProject
Global
	GlobalSection(SolutionConfigurationPlatforms) = preSolution
		Debug|Any CPU = Debug|Any CPU
		Release|Any CPU = Release|Any CPU
	EndGlobalSection
	GlobalSection(ProjectConfigurationPlatforms) = postSolution
		{D09E84E7-E159-4A36-A2EE-1CE59EA4D32F}.Debug|Any CPU.ActiveCfg = Debug|Any CPU
		{D09E84E7-E159-4A36-A2EE-1CE59EA4D32F}.Debug|Any CPU.Build.0 = Debug|Any CPU
		{D09E84E7-E159-4A36-A2EE-1CE59EA4D32F}.Release|Any CPU.ActiveCfg = Release|Any CPU
		{D09E84E7-E159-4A36-A2EE-1CE59EA4D32F}.Release|Any CPU.Build.0 = Release|Any CPU
		{9EBFA962-F290-4AC1-A9FE-7B2A2234C663}.Debug|Any CPU.ActiveCfg = Debug|Any CPU
		{9EBFA962-F290-4AC1-A9FE-7B2A2234C663}.Debug|Any CPU.Build.0 = Debug|Any CPU
		{9EBFA962-F290-4AC1-A9FE-7B2A2234C663}.Release|Any CPU.ActiveCfg = Release|Any CPU
		{9EBFA962-F290-4AC1-A9FE-7B2A2234C663}.Release|Any CPU.Build.0 = Release|Any CPU
		{175F097F-C6E8-4A64-912E-CB354A9A5299}.Debug|Any CPU.ActiveCfg = Debug|Any CPU
		{175F097F-C6E8-4A64-912E-CB354A9A5299}.Debug|Any CPU.Build.0 = Debug|Any CPU
		{175F097F-C6E8-4A64-912E-CB354A9A5299}.Release|Any CPU.ActiveCfg = Release|Any CPU
		{175F097F-C6E8-4A64-912E-CB354A9A5299}.Release|Any CPU.Build.0 = Release|Any CPU
		{97173663-A5C5-45D8-AD51-8B5A10525E43}.Debug|Any CPU.ActiveCfg = Debug|Any CPU
		{97173663-A5C5-45D8-AD51-8B5A10525E43}.Debug|Any CPU.Build.0 = Debug|Any CPU
		{97173663-A5C5-45D8-AD51-8B5A10525E43}.Release|Any CPU.ActiveCfg = Release|Any CPU
		{97173663-A5C5-45D8-AD51-8B5A10525E43}.Release|Any CPU.Build.0 = Release|Any CPU
		{87F34FEB-7D00-4074-9CE4-6A3B6DAC138E}.Debug|Any CPU.ActiveCfg = Debug|Any CPU
		{87F34FEB-7D00-4074-9CE4-6A3B6DAC138E}.Debug|Any CPU.Build.0 = Debug|Any CPU
		{87F34FEB-7D00-4074-9CE4-6A3B6DAC138E}.Release|Any CPU.ActiveCfg = Release|Any CPU
		{87F34FEB-7D00-4074-9CE4-6A3B6DAC138E}.Release|Any CPU.Build.0 = Release|Any CPU
		{FE47B035-9FBB-424C-9764-221C228B36FB}.Debug|Any CPU.ActiveCfg = Debug|Any CPU
		{FE47B035-9FBB-424C-9764-221C228B36FB}.Debug|Any CPU.Build.0 = Debug|Any CPU
		{FE47B035-9FBB-424C-9764-221C228B36FB}.Release|Any CPU.ActiveCfg = Release|Any CPU
		{FE47B035-9FBB-424C-9764-221C228B36FB}.Release|Any CPU.Build.0 = Release|Any CPU
		{9E5AA2CD-E692-4837-91AE-9B3C68D53AB1}.Debug|Any CPU.ActiveCfg = Debug|Any CPU
		{9E5AA2CD-E692-4837-91AE-9B3C68D53AB1}.Debug|Any CPU.Build.0 = Debug|Any CPU
		{9E5AA2CD-E692-4837-91AE-9B3C68D53AB1}.Release|Any CPU.ActiveCfg = Release|Any CPU
		{9E5AA2CD-E692-4837-91AE-9B3C68D53AB1}.Release|Any CPU.Build.0 = Release|Any CPU
		{FD5CB6FC-B4A2-41E1-A661-7A7BE5D1DF00}.Debug|Any CPU.ActiveCfg = Debug|Any CPU
		{FD5CB6FC-B4A2-41E1-A661-7A7BE5D1DF00}.Debug|Any CPU.Build.0 = Debug|Any CPU
		{FD5CB6FC-B4A2-41E1-A661-7A7BE5D1DF00}.Release|Any CPU.ActiveCfg = Release|Any CPU
		{FD5CB6FC-B4A2-41E1-A661-7A7BE5D1DF00}.Release|Any CPU.Build.0 = Release|Any CPU
		{C88B9D09-577B-4CF7-8600-88C298A5034B}.Debug|Any CPU.ActiveCfg = Debug|Any CPU
		{C88B9D09-577B-4CF7-8600-88C298A5034B}.Debug|Any CPU.Build.0 = Debug|Any CPU
		{C88B9D09-577B-4CF7-8600-88C298A5034B}.Release|Any CPU.ActiveCfg = Release|Any CPU
		{C88B9D09-577B-4CF7-8600-88C298A5034B}.Release|Any CPU.Build.0 = Release|Any CPU
		{5C166E6E-3E2A-4C66-889E-D35B46699AE2}.Debug|Any CPU.ActiveCfg = Debug|Any CPU
		{5C166E6E-3E2A-4C66-889E-D35B46699AE2}.Debug|Any CPU.Build.0 = Debug|Any CPU
		{5C166E6E-3E2A-4C66-889E-D35B46699AE2}.Release|Any CPU.ActiveCfg = Release|Any CPU
		{5C166E6E-3E2A-4C66-889E-D35B46699AE2}.Release|Any CPU.Build.0 = Release|Any CPU
		{58788293-ABD3-47E6-989B-1682729ADD7F}.Debug|Any CPU.ActiveCfg = Debug|Any CPU
		{58788293-ABD3-47E6-989B-1682729ADD7F}.Debug|Any CPU.Build.0 = Debug|Any CPU
		{58788293-ABD3-47E6-989B-1682729ADD7F}.Release|Any CPU.ActiveCfg = Release|Any CPU
		{58788293-ABD3-47E6-989B-1682729ADD7F}.Release|Any CPU.Build.0 = Release|Any CPU
		{1C48C7C0-4D43-4CA5-B783-FF3379F13783}.Debug|Any CPU.ActiveCfg = Debug|Any CPU
		{1C48C7C0-4D43-4CA5-B783-FF3379F13783}.Debug|Any CPU.Build.0 = Debug|Any CPU
		{1C48C7C0-4D43-4CA5-B783-FF3379F13783}.Release|Any CPU.ActiveCfg = Release|Any CPU
		{1C48C7C0-4D43-4CA5-B783-FF3379F13783}.Release|Any CPU.Build.0 = Release|Any CPU
		{4CE16809-BECD-4955-AF33-AF2532739625}.Debug|Any CPU.ActiveCfg = Debug|Any CPU
		{4CE16809-BECD-4955-AF33-AF2532739625}.Debug|Any CPU.Build.0 = Debug|Any CPU
		{4CE16809-BECD-4955-AF33-AF2532739625}.Release|Any CPU.ActiveCfg = Release|Any CPU
		{4CE16809-BECD-4955-AF33-AF2532739625}.Release|Any CPU.Build.0 = Release|Any CPU
		{FA71A235-8807-4C45-AFA0-5DE2A02C94D7}.Debug|Any CPU.ActiveCfg = Debug|Any CPU
		{FA71A235-8807-4C45-AFA0-5DE2A02C94D7}.Debug|Any CPU.Build.0 = Debug|Any CPU
		{FA71A235-8807-4C45-AFA0-5DE2A02C94D7}.Release|Any CPU.ActiveCfg = Release|Any CPU
		{FA71A235-8807-4C45-AFA0-5DE2A02C94D7}.Release|Any CPU.Build.0 = Release|Any CPU
		{5BD9345F-2AC4-4E3D-BA7A-C693EEDE362D}.Debug|Any CPU.ActiveCfg = Debug|Any CPU
		{5BD9345F-2AC4-4E3D-BA7A-C693EEDE362D}.Debug|Any CPU.Build.0 = Debug|Any CPU
		{5BD9345F-2AC4-4E3D-BA7A-C693EEDE362D}.Release|Any CPU.ActiveCfg = Release|Any CPU
		{5BD9345F-2AC4-4E3D-BA7A-C693EEDE362D}.Release|Any CPU.Build.0 = Release|Any CPU
		{2E18F73E-368B-4A6D-B820-EA86382C68E9}.Debug|Any CPU.ActiveCfg = Debug|Any CPU
		{2E18F73E-368B-4A6D-B820-EA86382C68E9}.Debug|Any CPU.Build.0 = Debug|Any CPU
		{2E18F73E-368B-4A6D-B820-EA86382C68E9}.Release|Any CPU.ActiveCfg = Release|Any CPU
		{2E18F73E-368B-4A6D-B820-EA86382C68E9}.Release|Any CPU.Build.0 = Release|Any CPU
		{3EE87F02-A55E-4698-992A-3E6083BEA304}.Debug|Any CPU.ActiveCfg = Debug|Any CPU
		{3EE87F02-A55E-4698-992A-3E6083BEA304}.Debug|Any CPU.Build.0 = Debug|Any CPU
		{3EE87F02-A55E-4698-992A-3E6083BEA304}.Release|Any CPU.ActiveCfg = Release|Any CPU
		{3EE87F02-A55E-4698-992A-3E6083BEA304}.Release|Any CPU.Build.0 = Release|Any CPU
		{C17A8CD8-C780-46B3-8C32-C80347A68B57}.Debug|Any CPU.ActiveCfg = Debug|Any CPU
		{C17A8CD8-C780-46B3-8C32-C80347A68B57}.Debug|Any CPU.Build.0 = Debug|Any CPU
		{C17A8CD8-C780-46B3-8C32-C80347A68B57}.Release|Any CPU.ActiveCfg = Release|Any CPU
		{C17A8CD8-C780-46B3-8C32-C80347A68B57}.Release|Any CPU.Build.0 = Release|Any CPU
		{4AADEC59-0A24-4CDC-8115-F82779FBF1C2}.Debug|Any CPU.ActiveCfg = Debug|Any CPU
		{4AADEC59-0A24-4CDC-8115-F82779FBF1C2}.Debug|Any CPU.Build.0 = Debug|Any CPU
		{4AADEC59-0A24-4CDC-8115-F82779FBF1C2}.Release|Any CPU.ActiveCfg = Release|Any CPU
		{4AADEC59-0A24-4CDC-8115-F82779FBF1C2}.Release|Any CPU.Build.0 = Release|Any CPU
		{3E268C29-6873-447C-98F1-23920EF58ADB}.Debug|Any CPU.ActiveCfg = Debug|Any CPU
		{3E268C29-6873-447C-98F1-23920EF58ADB}.Debug|Any CPU.Build.0 = Debug|Any CPU
		{3E268C29-6873-447C-98F1-23920EF58ADB}.Release|Any CPU.ActiveCfg = Release|Any CPU
		{3E268C29-6873-447C-98F1-23920EF58ADB}.Release|Any CPU.Build.0 = Release|Any CPU
		{73F9191D-C020-4067-8BD1-E0CE33A36828}.Debug|Any CPU.ActiveCfg = Debug|Any CPU
		{73F9191D-C020-4067-8BD1-E0CE33A36828}.Debug|Any CPU.Build.0 = Debug|Any CPU
		{73F9191D-C020-4067-8BD1-E0CE33A36828}.Release|Any CPU.ActiveCfg = Release|Any CPU
		{73F9191D-C020-4067-8BD1-E0CE33A36828}.Release|Any CPU.Build.0 = Release|Any CPU
	EndGlobalSection
	GlobalSection(SolutionProperties) = preSolution
		HideSolutionNode = FALSE
	EndGlobalSection
	GlobalSection(ExtensibilityGlobals) = postSolution
		SolutionGuid = {DF6A1652-AC71-43A3-94FF-3BDB2B25D85A}
	EndGlobalSection
EndGlobal
