
Microsoft Visual Studio Solution File, Format Version 12.00
# Visual Studio Version 16
VisualStudioVersion = 16.0.28729.10
MinimumVisualStudioVersion = 10.0.40219.1
Project("{FAE04EC0-301F-11D3-BF4B-00C04F79EFBC}") = "01_DriveInfo", "lesson_5\01_DriveInfo.csproj", "{76A00D98-D11A-4BBA-ACD9-80E1A3DB3064}"
EndProject
Project("{FAE04EC0-301F-11D3-BF4B-00C04F79EFBC}") = "02_File", "02_File\02_File.csproj", "{139D7885-2442-4BB9-9EE6-46DAD7E5F116}"
EndProject
Project("{FAE04EC0-301F-11D3-BF4B-00C04F79EFBC}") = "03_File", "03_File\03_File.csproj", "{2D15C6E0-2BA3-4CDD-8A27-BA14CA97EF77}"
EndProject
Project("{FAE04EC0-301F-11D3-BF4B-00C04F79EFBC}") = "04_File", "04_File\04_File.csproj", "{31E66305-906C-4E12-B274-FCEE12EED32A}"
EndProject
Project("{FAE04EC0-301F-11D3-BF4B-00C04F79EFBC}") = "05_FileInfo", "05_FileInfo\05_FileInfo.csproj", "{3C36C5CB-A66F-44D7-A7B6-71836B71E845}"
EndProject
Project("{FAE04EC0-301F-11D3-BF4B-00C04F79EFBC}") = "06_FileInfo", "06_FileInfo\06_FileInfo.csproj", "{84EC67B1-36E0-41BC-A6B3-0008F58D9D1E}"
EndProject
Project("{FAE04EC0-301F-11D3-BF4B-00C04F79EFBC}") = "07_FileInfo", "07_FileInfo\07_FileInfo.csproj", "{BDEF2DE9-FDA8-4881-BCB9-E7B28FE63205}"
EndProject
Project("{FAE04EC0-301F-11D3-BF4B-00C04F79EFBC}") = "08_Path", "08_Path\08_Path.csproj", "{FA12984F-5808-45AB-BE9E-1F3026DC2936}"
EndProject
Project("{FAE04EC0-301F-11D3-BF4B-00C04F79EFBC}") = "09_Path", "09_Path\09_Path.csproj", "{34956427-0BEB-4608-B774-D5903363C96B}"
EndProject
Project("{FAE04EC0-301F-11D3-BF4B-00C04F79EFBC}") = "10_Path", "10_Path\10_Path.csproj", "{F34D5AED-3926-4867-A0CD-8A3C12A535BD}"
EndProject
Project("{FAE04EC0-301F-11D3-BF4B-00C04F79EFBC}") = "11_Path", "11_Path\11_Path.csproj", "{F130A51A-5D98-4443-9708-3B090F2191F9}"
EndProject
Project("{FAE04EC0-301F-11D3-BF4B-00C04F79EFBC}") = "12_Directory", "12_Directory\12_Directory.csproj", "{FF9FA22E-6257-43C8-B7CD-07841F91CBA1}"
EndProject
Project("{FAE04EC0-301F-11D3-BF4B-00C04F79EFBC}") = "13_Directory", "13_Directory\13_Directory.csproj", "{3517945D-93E8-429A-B746-AE27C3A4A27A}"
EndProject
Project("{FAE04EC0-301F-11D3-BF4B-00C04F79EFBC}") = "17_Stream", "17_Stream\17_Stream.csproj", "{5827D819-F1E1-4094-8984-29CC2F6E6E17}"
EndProject
Project("{FAE04EC0-301F-11D3-BF4B-00C04F79EFBC}") = "18_MemoryStream", "18_MemoryStream\18_MemoryStream.csproj", "{0F925FC2-4C17-4A39-869A-F71CB6713191}"
EndProject
Project("{FAE04EC0-301F-11D3-BF4B-00C04F79EFBC}") = "19_StreamWriter", "19_StreamWriter\19_StreamWriter.csproj", "{2264B1D9-3804-4D8C-9D74-6BC336765655}"
EndProject
Project("{FAE04EC0-301F-11D3-BF4B-00C04F79EFBC}") = "20_StreamReader", "20_StreamReader\20_StreamReader.csproj", "{4D9FE894-AC56-467A-AC2D-C373D4C6FD24}"
EndProject
Project("{FAE04EC0-301F-11D3-BF4B-00C04F79EFBC}") = "14_Directory", "14_Directory\14_Directory.csproj", "{0DD1D0C5-FBA2-484A-8186-FAFAFB673BF3}"
EndProject
Project("{FAE04EC0-301F-11D3-BF4B-00C04F79EFBC}") = "15_Directory", "15_Directory\15_Directory.csproj", "{81DAF03F-6C06-4FD3-8A83-EBCE456CEF04}"
EndProject
Global
	GlobalSection(SolutionConfigurationPlatforms) = preSolution
		Debug|Any CPU = Debug|Any CPU
		Release|Any CPU = Release|Any CPU
	EndGlobalSection
	GlobalSection(ProjectConfigurationPlatforms) = postSolution
		{76A00D98-D11A-4BBA-ACD9-80E1A3DB3064}.Debug|Any CPU.ActiveCfg = Debug|Any CPU
		{76A00D98-D11A-4BBA-ACD9-80E1A3DB3064}.Debug|Any CPU.Build.0 = Debug|Any CPU
		{76A00D98-D11A-4BBA-ACD9-80E1A3DB3064}.Release|Any CPU.ActiveCfg = Release|Any CPU
		{76A00D98-D11A-4BBA-ACD9-80E1A3DB3064}.Release|Any CPU.Build.0 = Release|Any CPU
		{139D7885-2442-4BB9-9EE6-46DAD7E5F116}.Debug|Any CPU.ActiveCfg = Debug|Any CPU
		{139D7885-2442-4BB9-9EE6-46DAD7E5F116}.Debug|Any CPU.Build.0 = Debug|Any CPU
		{139D7885-2442-4BB9-9EE6-46DAD7E5F116}.Release|Any CPU.ActiveCfg = Release|Any CPU
		{139D7885-2442-4BB9-9EE6-46DAD7E5F116}.Release|Any CPU.Build.0 = Release|Any CPU
		{2D15C6E0-2BA3-4CDD-8A27-BA14CA97EF77}.Debug|Any CPU.ActiveCfg = Debug|Any CPU
		{2D15C6E0-2BA3-4CDD-8A27-BA14CA97EF77}.Debug|Any CPU.Build.0 = Debug|Any CPU
		{2D15C6E0-2BA3-4CDD-8A27-BA14CA97EF77}.Release|Any CPU.ActiveCfg = Release|Any CPU
		{2D15C6E0-2BA3-4CDD-8A27-BA14CA97EF77}.Release|Any CPU.Build.0 = Release|Any CPU
		{31E66305-906C-4E12-B274-FCEE12EED32A}.Debug|Any CPU.ActiveCfg = Debug|Any CPU
		{31E66305-906C-4E12-B274-FCEE12EED32A}.Debug|Any CPU.Build.0 = Debug|Any CPU
		{31E66305-906C-4E12-B274-FCEE12EED32A}.Release|Any CPU.ActiveCfg = Release|Any CPU
		{31E66305-906C-4E12-B274-FCEE12EED32A}.Release|Any CPU.Build.0 = Release|Any CPU
		{3C36C5CB-A66F-44D7-A7B6-71836B71E845}.Debug|Any CPU.ActiveCfg = Debug|Any CPU
		{3C36C5CB-A66F-44D7-A7B6-71836B71E845}.Debug|Any CPU.Build.0 = Debug|Any CPU
		{3C36C5CB-A66F-44D7-A7B6-71836B71E845}.Release|Any CPU.ActiveCfg = Release|Any CPU
		{3C36C5CB-A66F-44D7-A7B6-71836B71E845}.Release|Any CPU.Build.0 = Release|Any CPU
		{84EC67B1-36E0-41BC-A6B3-0008F58D9D1E}.Debug|Any CPU.ActiveCfg = Debug|Any CPU
		{84EC67B1-36E0-41BC-A6B3-0008F58D9D1E}.Debug|Any CPU.Build.0 = Debug|Any CPU
		{84EC67B1-36E0-41BC-A6B3-0008F58D9D1E}.Release|Any CPU.ActiveCfg = Release|Any CPU
		{84EC67B1-36E0-41BC-A6B3-0008F58D9D1E}.Release|Any CPU.Build.0 = Release|Any CPU
		{BDEF2DE9-FDA8-4881-BCB9-E7B28FE63205}.Debug|Any CPU.ActiveCfg = Debug|Any CPU
		{BDEF2DE9-FDA8-4881-BCB9-E7B28FE63205}.Debug|Any CPU.Build.0 = Debug|Any CPU
		{BDEF2DE9-FDA8-4881-BCB9-E7B28FE63205}.Release|Any CPU.ActiveCfg = Release|Any CPU
		{BDEF2DE9-FDA8-4881-BCB9-E7B28FE63205}.Release|Any CPU.Build.0 = Release|Any CPU
		{FA12984F-5808-45AB-BE9E-1F3026DC2936}.Debug|Any CPU.ActiveCfg = Debug|Any CPU
		{FA12984F-5808-45AB-BE9E-1F3026DC2936}.Debug|Any CPU.Build.0 = Debug|Any CPU
		{FA12984F-5808-45AB-BE9E-1F3026DC2936}.Release|Any CPU.ActiveCfg = Release|Any CPU
		{FA12984F-5808-45AB-BE9E-1F3026DC2936}.Release|Any CPU.Build.0 = Release|Any CPU
		{34956427-0BEB-4608-B774-D5903363C96B}.Debug|Any CPU.ActiveCfg = Debug|Any CPU
		{34956427-0BEB-4608-B774-D5903363C96B}.Debug|Any CPU.Build.0 = Debug|Any CPU
		{34956427-0BEB-4608-B774-D5903363C96B}.Release|Any CPU.ActiveCfg = Release|Any CPU
		{34956427-0BEB-4608-B774-D5903363C96B}.Release|Any CPU.Build.0 = Release|Any CPU
		{F34D5AED-3926-4867-A0CD-8A3C12A535BD}.Debug|Any CPU.ActiveCfg = Debug|Any CPU
		{F34D5AED-3926-4867-A0CD-8A3C12A535BD}.Debug|Any CPU.Build.0 = Debug|Any CPU
		{F34D5AED-3926-4867-A0CD-8A3C12A535BD}.Release|Any CPU.ActiveCfg = Release|Any CPU
		{F34D5AED-3926-4867-A0CD-8A3C12A535BD}.Release|Any CPU.Build.0 = Release|Any CPU
		{F130A51A-5D98-4443-9708-3B090F2191F9}.Debug|Any CPU.ActiveCfg = Debug|Any CPU
		{F130A51A-5D98-4443-9708-3B090F2191F9}.Debug|Any CPU.Build.0 = Debug|Any CPU
		{F130A51A-5D98-4443-9708-3B090F2191F9}.Release|Any CPU.ActiveCfg = Release|Any CPU
		{F130A51A-5D98-4443-9708-3B090F2191F9}.Release|Any CPU.Build.0 = Release|Any CPU
		{FF9FA22E-6257-43C8-B7CD-07841F91CBA1}.Debug|Any CPU.ActiveCfg = Debug|Any CPU
		{FF9FA22E-6257-43C8-B7CD-07841F91CBA1}.Debug|Any CPU.Build.0 = Debug|Any CPU
		{FF9FA22E-6257-43C8-B7CD-07841F91CBA1}.Release|Any CPU.ActiveCfg = Release|Any CPU
		{FF9FA22E-6257-43C8-B7CD-07841F91CBA1}.Release|Any CPU.Build.0 = Release|Any CPU
		{3517945D-93E8-429A-B746-AE27C3A4A27A}.Debug|Any CPU.ActiveCfg = Debug|Any CPU
		{3517945D-93E8-429A-B746-AE27C3A4A27A}.Debug|Any CPU.Build.0 = Debug|Any CPU
		{3517945D-93E8-429A-B746-AE27C3A4A27A}.Release|Any CPU.ActiveCfg = Release|Any CPU
		{3517945D-93E8-429A-B746-AE27C3A4A27A}.Release|Any CPU.Build.0 = Release|Any CPU
		{5827D819-F1E1-4094-8984-29CC2F6E6E17}.Debug|Any CPU.ActiveCfg = Debug|Any CPU
		{5827D819-F1E1-4094-8984-29CC2F6E6E17}.Debug|Any CPU.Build.0 = Debug|Any CPU
		{5827D819-F1E1-4094-8984-29CC2F6E6E17}.Release|Any CPU.ActiveCfg = Release|Any CPU
		{5827D819-F1E1-4094-8984-29CC2F6E6E17}.Release|Any CPU.Build.0 = Release|Any CPU
		{0F925FC2-4C17-4A39-869A-F71CB6713191}.Debug|Any CPU.ActiveCfg = Debug|Any CPU
		{0F925FC2-4C17-4A39-869A-F71CB6713191}.Debug|Any CPU.Build.0 = Debug|Any CPU
		{0F925FC2-4C17-4A39-869A-F71CB6713191}.Release|Any CPU.ActiveCfg = Release|Any CPU
		{0F925FC2-4C17-4A39-869A-F71CB6713191}.Release|Any CPU.Build.0 = Release|Any CPU
		{2264B1D9-3804-4D8C-9D74-6BC336765655}.Debug|Any CPU.ActiveCfg = Debug|Any CPU
		{2264B1D9-3804-4D8C-9D74-6BC336765655}.Debug|Any CPU.Build.0 = Debug|Any CPU
		{2264B1D9-3804-4D8C-9D74-6BC336765655}.Release|Any CPU.ActiveCfg = Release|Any CPU
		{2264B1D9-3804-4D8C-9D74-6BC336765655}.Release|Any CPU.Build.0 = Release|Any CPU
		{4D9FE894-AC56-467A-AC2D-C373D4C6FD24}.Debug|Any CPU.ActiveCfg = Debug|Any CPU
		{4D9FE894-AC56-467A-AC2D-C373D4C6FD24}.Debug|Any CPU.Build.0 = Debug|Any CPU
		{4D9FE894-AC56-467A-AC2D-C373D4C6FD24}.Release|Any CPU.ActiveCfg = Release|Any CPU
		{4D9FE894-AC56-467A-AC2D-C373D4C6FD24}.Release|Any CPU.Build.0 = Release|Any CPU
		{0DD1D0C5-FBA2-484A-8186-FAFAFB673BF3}.Debug|Any CPU.ActiveCfg = Debug|Any CPU
		{0DD1D0C5-FBA2-484A-8186-FAFAFB673BF3}.Debug|Any CPU.Build.0 = Debug|Any CPU
		{0DD1D0C5-FBA2-484A-8186-FAFAFB673BF3}.Release|Any CPU.ActiveCfg = Release|Any CPU
		{0DD1D0C5-FBA2-484A-8186-FAFAFB673BF3}.Release|Any CPU.Build.0 = Release|Any CPU
		{81DAF03F-6C06-4FD3-8A83-EBCE456CEF04}.Debug|Any CPU.ActiveCfg = Debug|Any CPU
		{81DAF03F-6C06-4FD3-8A83-EBCE456CEF04}.Debug|Any CPU.Build.0 = Debug|Any CPU
		{81DAF03F-6C06-4FD3-8A83-EBCE456CEF04}.Release|Any CPU.ActiveCfg = Release|Any CPU
		{81DAF03F-6C06-4FD3-8A83-EBCE456CEF04}.Release|Any CPU.Build.0 = Release|Any CPU
	EndGlobalSection
	GlobalSection(SolutionProperties) = preSolution
		HideSolutionNode = FALSE
	EndGlobalSection
	GlobalSection(ExtensibilityGlobals) = postSolution
		SolutionGuid = {B88606CE-9811-4C37-93F4-F1D0F5D5DBFB}
	EndGlobalSection
EndGlobal
