
Microsoft Visual Studio Solution File, Format Version 12.00
# Visual Studio Version 16
VisualStudioVersion = 16.0.28729.10
MinimumVisualStudioVersion = 10.0.40219.1
Project("{FAE04EC0-301F-11D3-BF4B-00C04F79EFBC}") = "01_DriveInfo", "lesson_5\01_DriveInfo.csproj", "{76A00D98-D11A-4BBA-ACD9-80E1A3DB3064}"
EndProject
Project("{FAE04EC0-301F-11D3-BF4B-00C04F79EFBC}") = "02_File", "02_File\02_File.csproj", "{139D7885-2442-4BB9-9EE6-46DAD7E5F116}"
EndProject
Project("{FAE04EC0-301F-11D3-BF4B-00C04F79EFBC}") = "03_File", "03_File\03_File.csproj", "{2D15C6E0-2BA3-4CDD-8A27-BA14CA97EF77}"
EndProject
Project("{FAE04EC0-301F-11D3-BF4B-00C04F79EFBC}") = "04_File", "04_File\04_File.csproj", "{31E66305-906C-4E12-B274-FCEE12EED32A}"
EndProject
Global
	GlobalSection(SolutionConfigurationPlatforms) = preSolution
		Debug|Any CPU = Debug|Any CPU
		Release|Any CPU = Release|Any CPU
	EndGlobalSection
	GlobalSection(ProjectConfigurationPlatforms) = postSolution
		{76A00D98-D11A-4BBA-ACD9-80E1A3DB3064}.Debug|Any CPU.ActiveCfg = Debug|Any CPU
		{76A00D98-D11A-4BBA-ACD9-80E1A3DB3064}.Debug|Any CPU.Build.0 = Debug|Any CPU
		{76A00D98-D11A-4BBA-ACD9-80E1A3DB3064}.Release|Any CPU.ActiveCfg = Release|Any CPU
		{76A00D98-D11A-4BBA-ACD9-80E1A3DB3064}.Release|Any CPU.Build.0 = Release|Any CPU
		{139D7885-2442-4BB9-9EE6-46DAD7E5F116}.Debug|Any CPU.ActiveCfg = Debug|Any CPU
		{139D7885-2442-4BB9-9EE6-46DAD7E5F116}.Debug|Any CPU.Build.0 = Debug|Any CPU
		{139D7885-2442-4BB9-9EE6-46DAD7E5F116}.Release|Any CPU.ActiveCfg = Release|Any CPU
		{139D7885-2442-4BB9-9EE6-46DAD7E5F116}.Release|Any CPU.Build.0 = Release|Any CPU
		{2D15C6E0-2BA3-4CDD-8A27-BA14CA97EF77}.Debug|Any CPU.ActiveCfg = Debug|Any CPU
		{2D15C6E0-2BA3-4CDD-8A27-BA14CA97EF77}.Debug|Any CPU.Build.0 = Debug|Any CPU
		{2D15C6E0-2BA3-4CDD-8A27-BA14CA97EF77}.Release|Any CPU.ActiveCfg = Release|Any CPU
		{2D15C6E0-2BA3-4CDD-8A27-BA14CA97EF77}.Release|Any CPU.Build.0 = Release|Any CPU
		{31E66305-906C-4E12-B274-FCEE12EED32A}.Debug|Any CPU.ActiveCfg = Debug|Any CPU
		{31E66305-906C-4E12-B274-FCEE12EED32A}.Debug|Any CPU.Build.0 = Debug|Any CPU
		{31E66305-906C-4E12-B274-FCEE12EED32A}.Release|Any CPU.ActiveCfg = Release|Any CPU
		{31E66305-906C-4E12-B274-FCEE12EED32A}.Release|Any CPU.Build.0 = Release|Any CPU
	EndGlobalSection
	GlobalSection(SolutionProperties) = preSolution
		HideSolutionNode = FALSE
	EndGlobalSection
	GlobalSection(ExtensibilityGlobals) = postSolution
		SolutionGuid = {B88606CE-9811-4C37-93F4-F1D0F5D5DBFB}
	EndGlobalSection
EndGlobal
